// !$*UTF8*$!
{
	archiveVersion = 1;
	classes = {
	};
	objectVersion = 52;
	objects = {

/* Begin PBXBuildFile section */
		0322339C269212860092DD6D /* AppDelegate.swift in Sources */ = {isa = PBXBuildFile; fileRef = 0322339B269212860092DD6D /* AppDelegate.swift */; };
		0322339E269212860092DD6D /* SceneDelegate.swift in Sources */ = {isa = PBXBuildFile; fileRef = 0322339D269212860092DD6D /* SceneDelegate.swift */; };
		032233A3269212860092DD6D /* Main.storyboard in Resources */ = {isa = PBXBuildFile; fileRef = 032233A1269212860092DD6D /* Main.storyboard */; };
		032233A5269212870092DD6D /* Assets.xcassets in Resources */ = {isa = PBXBuildFile; fileRef = 032233A4269212870092DD6D /* Assets.xcassets */; };
		032233A8269212870092DD6D /* LaunchScreen.storyboard in Resources */ = {isa = PBXBuildFile; fileRef = 032233A6269212870092DD6D /* LaunchScreen.storyboard */; };
		032233B8269276DB0092DD6D /* MainViewController.swift in Sources */ = {isa = PBXBuildFile; fileRef = 032233B7269276DB0092DD6D /* MainViewController.swift */; };
		032233BA269277520092DD6D /* Meal.swift in Sources */ = {isa = PBXBuildFile; fileRef = 032233B9269277520092DD6D /* Meal.swift */; };
		032233BC269279DC0092DD6D /* MyMealViewController.swift in Sources */ = {isa = PBXBuildFile; fileRef = 032233BB269279DC0092DD6D /* MyMealViewController.swift */; };
		032233BE26927A160092DD6D /* MyExpenseViewController.swift in Sources */ = {isa = PBXBuildFile; fileRef = 032233BD26927A160092DD6D /* MyExpenseViewController.swift */; };
		032233C026927A4F0092DD6D /* MyMealTap.storyboard in Resources */ = {isa = PBXBuildFile; fileRef = 032233BF26927A4F0092DD6D /* MyMealTap.storyboard */; };
		032233C426927A910092DD6D /* MyExpenseTap.storyboard in Resources */ = {isa = PBXBuildFile; fileRef = 032233C326927A910092DD6D /* MyExpenseTap.storyboard */; };
		032233C726927F0C0092DD6D /* DummyData.swift in Sources */ = {isa = PBXBuildFile; fileRef = 032233C626927F0C0092DD6D /* DummyData.swift */; };
		032233CB2692A8630092DD6D /* OnboardingPageViewViewController.swift in Sources */ = {isa = PBXBuildFile; fileRef = 032233CA2692A8630092DD6D /* OnboardingPageViewViewController.swift */; };
		032233CD2692A8F70092DD6D /* FirstPageViewController.swift in Sources */ = {isa = PBXBuildFile; fileRef = 032233CC2692A8F70092DD6D /* FirstPageViewController.swift */; };
		032233CF2692A90B0092DD6D /* SecondPageViewController.swift in Sources */ = {isa = PBXBuildFile; fileRef = 032233CE2692A90B0092DD6D /* SecondPageViewController.swift */; };
		032233D12692A91A0092DD6D /* ThirdPageViewController.swift in Sources */ = {isa = PBXBuildFile; fileRef = 032233D02692A91A0092DD6D /* ThirdPageViewController.swift */; };
		032233D32692A94D0092DD6D /* FourthPageViewController.swift in Sources */ = {isa = PBXBuildFile; fileRef = 032233D22692A94D0092DD6D /* FourthPageViewController.swift */; };
		032233D72692F0160092DD6D /* Extension.swift in Sources */ = {isa = PBXBuildFile; fileRef = 032233D62692F0160092DD6D /* Extension.swift */; };
		032233D92692F8ED0092DD6D /* OnboardingViewModel.swift in Sources */ = {isa = PBXBuildFile; fileRef = 032233D82692F8ED0092DD6D /* OnboardingViewModel.swift */; };
		032233DE2693057C0092DD6D /* User.swift in Sources */ = {isa = PBXBuildFile; fileRef = 032233DD2693057C0092DD6D /* User.swift */; };
		032233E926934F180092DD6D /* Protocol.swift in Sources */ = {isa = PBXBuildFile; fileRef = 032233E826934F180092DD6D /* Protocol.swift */; };
		035E491D26956F92002CC084 /* MealTableViewCell.swift in Sources */ = {isa = PBXBuildFile; fileRef = 035E491C26956F92002CC084 /* MealTableViewCell.swift */; };
		035E4921269597D4002CC084 /* MealTimeCollectionViewCell.swift in Sources */ = {isa = PBXBuildFile; fileRef = 035E4920269597D4002CC084 /* MealTimeCollectionViewCell.swift */; };
		035E4923269681A0002CC084 /* CustomProgressCircleView.swift in Sources */ = {isa = PBXBuildFile; fileRef = 035E4922269681A0002CC084 /* CustomProgressCircleView.swift */; };
		035E492726975815002CC084 /* MainViewModel.swift in Sources */ = {isa = PBXBuildFile; fileRef = 035E492626975815002CC084 /* MainViewModel.swift */; };
		035E492926976B85002CC084 /* MealDayCollectionViewCell.swift in Sources */ = {isa = PBXBuildFile; fileRef = 035E492826976B85002CC084 /* MealDayCollectionViewCell.swift */; };
		035E492B26987CFB002CC084 /* SelectCalendarViewController.swift in Sources */ = {isa = PBXBuildFile; fileRef = 035E492A26987CFB002CC084 /* SelectCalendarViewController.swift */; };
		038875AD269FD1EF00D5D202 /* MyExpenseViewModel.swift in Sources */ = {isa = PBXBuildFile; fileRef = 038875AC269FD1EF00D5D202 /* MyExpenseViewModel.swift */; };
		038875AE269FD7DA00D5D202 /* UserInformationViewController.swift in Sources */ = {isa = PBXBuildFile; fileRef = DB1982EC269BF3660055742B /* UserInformationViewController.swift */; };
		0395B61826943B30009289B7 /* CustomProgressBar.swift in Sources */ = {isa = PBXBuildFile; fileRef = 0395B61726943B30009289B7 /* CustomProgressBar.swift */; };
		241523B0269D093E0077941A /* ShoppingService.swift in Sources */ = {isa = PBXBuildFile; fileRef = 241523AF269D093E0077941A /* ShoppingService.swift */; };
		241523B4269D24860077941A /* Function.swift in Sources */ = {isa = PBXBuildFile; fileRef = 241523B3269D24860077941A /* Function.swift */; };
		353BE569269C860E006A6A47 /* InputDataShoppingViewController.swift in Sources */ = {isa = PBXBuildFile; fileRef = 353BE568269C860E006A6A47 /* InputDataShoppingViewController.swift */; };
		353BE56B269D6A7C006A6A47 /* PanModalHeaderView.swift in Sources */ = {isa = PBXBuildFile; fileRef = 353BE56A269D6A7C006A6A47 /* PanModalHeaderView.swift */; };
		353BE570269D72B7006A6A47 /* InputDataTableViewCell.swift in Sources */ = {isa = PBXBuildFile; fileRef = 353BE56F269D72B7006A6A47 /* InputDataTableViewCell.swift */; };
		3556D2FA26A074F700E9663A /* InputDataShopping.storyboard in Resources */ = {isa = PBXBuildFile; fileRef = 3556D2F926A074F700E9663A /* InputDataShopping.storyboard */; };
		355A36B726989461001A5CD8 /* MyExpenseVC+FSCalendar.swift in Sources */ = {isa = PBXBuildFile; fileRef = 355A36B626989461001A5CD8 /* MyExpenseVC+FSCalendar.swift */; };
		355A36B9269894A5001A5CD8 /* MyExpenseVC+TableView.swift in Sources */ = {isa = PBXBuildFile; fileRef = 355A36B8269894A5001A5CD8 /* MyExpenseVC+TableView.swift */; };
		355A36BB2698956F001A5CD8 /* ExpenseTableViewCell.swift in Sources */ = {isa = PBXBuildFile; fileRef = 355A36BA2698956F001A5CD8 /* ExpenseTableViewCell.swift */; };
		7CDB672F20DDD0D65D45B557 /* Pods_Cookid.framework in Frameworks */ = {isa = PBXBuildFile; fileRef = 892F362497B138331AC4FAC2 /* Pods_Cookid.framework */; };
		C6150A062696BB3300578EAB /* MyMealViewModel.swift in Sources */ = {isa = PBXBuildFile; fileRef = 0395B61426941121009289B7 /* MyMealViewModel.swift */; };
		C6150A092696C20800578EAB /* FirebaseAuth in Frameworks */ = {isa = PBXBuildFile; productRef = C6150A082696C20800578EAB /* FirebaseAuth */; };
		C64560B1269D4BDF009B249F /* MealDetailViewController.swift in Sources */ = {isa = PBXBuildFile; fileRef = C64560B0269D4BDF009B249F /* MealDetailViewController.swift */; };
		C64560B5269D4BEF009B249F /* ModifyMealView.swift in Sources */ = {isa = PBXBuildFile; fileRef = C64560B2269D4BEF009B249F /* ModifyMealView.swift */; };
		C64560B6269D4BEF009B249F /* ModifyMealViewForAvailable.swift in Sources */ = {isa = PBXBuildFile; fileRef = C64560B3269D4BEF009B249F /* ModifyMealViewForAvailable.swift */; };
		C64560BA269D4C04009B249F /* InputMealViewController.swift in Sources */ = {isa = PBXBuildFile; fileRef = C64560B8269D4C04009B249F /* InputMealViewController.swift */; };
		C64560BB269D4C04009B249F /* InputMealView.swift in Sources */ = {isa = PBXBuildFile; fileRef = C64560B9269D4C04009B249F /* InputMealView.swift */; };
		C64560BF269D4C0E009B249F /* ImagePicker.swift in Sources */ = {isa = PBXBuildFile; fileRef = C64560BC269D4C0E009B249F /* ImagePicker.swift */; };
		C64560C0269D4C0E009B249F /* TextFieldWithPickerAsInputView.swift in Sources */ = {isa = PBXBuildFile; fileRef = C64560BD269D4C0E009B249F /* TextFieldWithPickerAsInputView.swift */; };
		C64560C1269D4C0E009B249F /* DatePickerTextField.swift in Sources */ = {isa = PBXBuildFile; fileRef = C64560BE269D4C0E009B249F /* DatePickerTextField.swift */; };
		C64560C2269D5D97009B249F /* MealDetailView.swift in Sources */ = {isa = PBXBuildFile; fileRef = C64560B4269D4BEF009B249F /* MealDetailView.swift */; };
		C67441D62696FA530086CBAD /* MealService.swift in Sources */ = {isa = PBXBuildFile; fileRef = DB0D7D7326949818009B2D51 /* MealService.swift */; };
		C67441D826970E7C0086CBAD /* AuthRepository.swift in Sources */ = {isa = PBXBuildFile; fileRef = C67441D726970E7C0086CBAD /* AuthRepository.swift */; };
		C6BFF4532694996B006295F5 /* Entities.swift in Sources */ = {isa = PBXBuildFile; fileRef = C6BFF4522694996A006295F5 /* Entities.swift */; };
		C6BFF45726949986006295F5 /* UserRepositrory.swift in Sources */ = {isa = PBXBuildFile; fileRef = C6BFF45426949986006295F5 /* UserRepositrory.swift */; };
		C6BFF45826949986006295F5 /* GroceryRepository.swift in Sources */ = {isa = PBXBuildFile; fileRef = C6BFF45526949986006295F5 /* GroceryRepository.swift */; };
		C6BFF45926949986006295F5 /* MealRepository.swift in Sources */ = {isa = PBXBuildFile; fileRef = C6BFF45626949986006295F5 /* MealRepository.swift */; };
		C6BFF45C26949A1E006295F5 /* FirebaseDatabase in Frameworks */ = {isa = PBXBuildFile; productRef = C6BFF45B26949A1E006295F5 /* FirebaseDatabase */; };
		C6BFF45E26949A1E006295F5 /* FirebaseStorage in Frameworks */ = {isa = PBXBuildFile; productRef = C6BFF45D26949A1E006295F5 /* FirebaseStorage */; };
		C6BFF46026949A71006295F5 /* GoogleService-Info.plist in Resources */ = {isa = PBXBuildFile; fileRef = C6BFF45F26949A71006295F5 /* GoogleService-Info.plist */; };
		C6BFF46226949AA7006295F5 /* Constant.swift in Sources */ = {isa = PBXBuildFile; fileRef = C6BFF46126949AA7006295F5 /* Constant.swift */; };
		DB1982EF269BF7D30055742B /* UserInfo.storyboard in Resources */ = {isa = PBXBuildFile; fileRef = DB1982EE269BF7D30055742B /* UserInfo.storyboard */; };
		DB972BC4269FD81E00143CCC /* UserInformationViewController.swift in Sources */ = {isa = PBXBuildFile; fileRef = DB1982EC269BF3660055742B /* UserInformationViewController.swift */; };
		DBDA046826969A6500B5C1D6 /* UserService.swift in Sources */ = {isa = PBXBuildFile; fileRef = DBDA046726969A6500B5C1D6 /* UserService.swift */; };
		DBED6A3A269E7B4B0020A774 /* UserInfoUpdateViewModel.swift in Sources */ = {isa = PBXBuildFile; fileRef = DBED6A39269E7B4B0020A774 /* UserInfoUpdateViewModel.swift */; };
/* End PBXBuildFile section */

/* Begin PBXFileReference section */
		03223398269212860092DD6D /* Cookid.app */ = {isa = PBXFileReference; explicitFileType = wrapper.application; includeInIndex = 0; path = Cookid.app; sourceTree = BUILT_PRODUCTS_DIR; };
		0322339B269212860092DD6D /* AppDelegate.swift */ = {isa = PBXFileReference; lastKnownFileType = sourcecode.swift; path = AppDelegate.swift; sourceTree = "<group>"; };
		0322339D269212860092DD6D /* SceneDelegate.swift */ = {isa = PBXFileReference; lastKnownFileType = sourcecode.swift; path = SceneDelegate.swift; sourceTree = "<group>"; };
		032233A2269212860092DD6D /* Base */ = {isa = PBXFileReference; lastKnownFileType = file.storyboard; name = Base; path = Base.lproj/Main.storyboard; sourceTree = "<group>"; };
		032233A4269212870092DD6D /* Assets.xcassets */ = {isa = PBXFileReference; lastKnownFileType = folder.assetcatalog; path = Assets.xcassets; sourceTree = "<group>"; };
		032233A7269212870092DD6D /* Base */ = {isa = PBXFileReference; lastKnownFileType = file.storyboard; name = Base; path = Base.lproj/LaunchScreen.storyboard; sourceTree = "<group>"; };
		032233A9269212870092DD6D /* Info.plist */ = {isa = PBXFileReference; lastKnownFileType = text.plist.xml; path = Info.plist; sourceTree = "<group>"; };
		032233B7269276DB0092DD6D /* MainViewController.swift */ = {isa = PBXFileReference; lastKnownFileType = sourcecode.swift; path = MainViewController.swift; sourceTree = "<group>"; };
		032233B9269277520092DD6D /* Meal.swift */ = {isa = PBXFileReference; lastKnownFileType = sourcecode.swift; path = Meal.swift; sourceTree = "<group>"; };
		032233BB269279DC0092DD6D /* MyMealViewController.swift */ = {isa = PBXFileReference; lastKnownFileType = sourcecode.swift; path = MyMealViewController.swift; sourceTree = "<group>"; };
		032233BD26927A160092DD6D /* MyExpenseViewController.swift */ = {isa = PBXFileReference; lastKnownFileType = sourcecode.swift; path = MyExpenseViewController.swift; sourceTree = "<group>"; };
		032233BF26927A4F0092DD6D /* MyMealTap.storyboard */ = {isa = PBXFileReference; lastKnownFileType = file.storyboard; path = MyMealTap.storyboard; sourceTree = "<group>"; };
		032233C326927A910092DD6D /* MyExpenseTap.storyboard */ = {isa = PBXFileReference; lastKnownFileType = file.storyboard; path = MyExpenseTap.storyboard; sourceTree = "<group>"; };
		032233C626927F0C0092DD6D /* DummyData.swift */ = {isa = PBXFileReference; lastKnownFileType = sourcecode.swift; path = DummyData.swift; sourceTree = "<group>"; };
		032233CA2692A8630092DD6D /* OnboardingPageViewViewController.swift */ = {isa = PBXFileReference; lastKnownFileType = sourcecode.swift; path = OnboardingPageViewViewController.swift; sourceTree = "<group>"; };
		032233CC2692A8F70092DD6D /* FirstPageViewController.swift */ = {isa = PBXFileReference; lastKnownFileType = sourcecode.swift; path = FirstPageViewController.swift; sourceTree = "<group>"; };
		032233CE2692A90B0092DD6D /* SecondPageViewController.swift */ = {isa = PBXFileReference; lastKnownFileType = sourcecode.swift; path = SecondPageViewController.swift; sourceTree = "<group>"; };
		032233D02692A91A0092DD6D /* ThirdPageViewController.swift */ = {isa = PBXFileReference; lastKnownFileType = sourcecode.swift; path = ThirdPageViewController.swift; sourceTree = "<group>"; };
		032233D22692A94D0092DD6D /* FourthPageViewController.swift */ = {isa = PBXFileReference; lastKnownFileType = sourcecode.swift; path = FourthPageViewController.swift; sourceTree = "<group>"; };
		032233D62692F0160092DD6D /* Extension.swift */ = {isa = PBXFileReference; lastKnownFileType = sourcecode.swift; path = Extension.swift; sourceTree = "<group>"; };
		032233D82692F8ED0092DD6D /* OnboardingViewModel.swift */ = {isa = PBXFileReference; lastKnownFileType = sourcecode.swift; path = OnboardingViewModel.swift; sourceTree = "<group>"; };
		032233DD2693057C0092DD6D /* User.swift */ = {isa = PBXFileReference; lastKnownFileType = sourcecode.swift; path = User.swift; sourceTree = "<group>"; };
		032233E826934F180092DD6D /* Protocol.swift */ = {isa = PBXFileReference; lastKnownFileType = sourcecode.swift; path = Protocol.swift; sourceTree = "<group>"; };
		035E491C26956F92002CC084 /* MealTableViewCell.swift */ = {isa = PBXFileReference; lastKnownFileType = sourcecode.swift; path = MealTableViewCell.swift; sourceTree = "<group>"; };
		035E4920269597D4002CC084 /* MealTimeCollectionViewCell.swift */ = {isa = PBXFileReference; lastKnownFileType = sourcecode.swift; path = MealTimeCollectionViewCell.swift; sourceTree = "<group>"; };
		035E4922269681A0002CC084 /* CustomProgressCircleView.swift */ = {isa = PBXFileReference; lastKnownFileType = sourcecode.swift; path = CustomProgressCircleView.swift; sourceTree = "<group>"; };
		035E492626975815002CC084 /* MainViewModel.swift */ = {isa = PBXFileReference; lastKnownFileType = sourcecode.swift; path = MainViewModel.swift; sourceTree = "<group>"; };
		035E492826976B85002CC084 /* MealDayCollectionViewCell.swift */ = {isa = PBXFileReference; lastKnownFileType = sourcecode.swift; path = MealDayCollectionViewCell.swift; sourceTree = "<group>"; };
		035E492A26987CFB002CC084 /* SelectCalendarViewController.swift */ = {isa = PBXFileReference; lastKnownFileType = sourcecode.swift; path = SelectCalendarViewController.swift; sourceTree = "<group>"; };
		038875AC269FD1EF00D5D202 /* MyExpenseViewModel.swift */ = {isa = PBXFileReference; lastKnownFileType = sourcecode.swift; path = MyExpenseViewModel.swift; sourceTree = "<group>"; };
		0395B61426941121009289B7 /* MyMealViewModel.swift */ = {isa = PBXFileReference; lastKnownFileType = sourcecode.swift; path = MyMealViewModel.swift; sourceTree = "<group>"; };
		0395B61726943B30009289B7 /* CustomProgressBar.swift */ = {isa = PBXFileReference; lastKnownFileType = sourcecode.swift; path = CustomProgressBar.swift; sourceTree = "<group>"; };
		0D9E6C6D928F53B1DABF630B /* Pods-Cookid.debug.xcconfig */ = {isa = PBXFileReference; includeInIndex = 1; lastKnownFileType = text.xcconfig; name = "Pods-Cookid.debug.xcconfig"; path = "Target Support Files/Pods-Cookid/Pods-Cookid.debug.xcconfig"; sourceTree = "<group>"; };
		241523AF269D093E0077941A /* ShoppingService.swift */ = {isa = PBXFileReference; lastKnownFileType = sourcecode.swift; path = ShoppingService.swift; sourceTree = "<group>"; };
		241523B3269D24860077941A /* Function.swift */ = {isa = PBXFileReference; lastKnownFileType = sourcecode.swift; path = Function.swift; sourceTree = "<group>"; };
		353BE568269C860E006A6A47 /* InputDataShoppingViewController.swift */ = {isa = PBXFileReference; lastKnownFileType = sourcecode.swift; path = InputDataShoppingViewController.swift; sourceTree = "<group>"; };
		353BE56A269D6A7C006A6A47 /* PanModalHeaderView.swift */ = {isa = PBXFileReference; lastKnownFileType = sourcecode.swift; path = PanModalHeaderView.swift; sourceTree = "<group>"; };
		353BE56F269D72B7006A6A47 /* InputDataTableViewCell.swift */ = {isa = PBXFileReference; lastKnownFileType = sourcecode.swift; path = InputDataTableViewCell.swift; sourceTree = "<group>"; };
		3556D2F926A074F700E9663A /* InputDataShopping.storyboard */ = {isa = PBXFileReference; lastKnownFileType = file.storyboard; path = InputDataShopping.storyboard; sourceTree = "<group>"; };
		355A36B626989461001A5CD8 /* MyExpenseVC+FSCalendar.swift */ = {isa = PBXFileReference; lastKnownFileType = sourcecode.swift; path = "MyExpenseVC+FSCalendar.swift"; sourceTree = "<group>"; };
		355A36B8269894A5001A5CD8 /* MyExpenseVC+TableView.swift */ = {isa = PBXFileReference; lastKnownFileType = sourcecode.swift; path = "MyExpenseVC+TableView.swift"; sourceTree = "<group>"; };
		355A36BA2698956F001A5CD8 /* ExpenseTableViewCell.swift */ = {isa = PBXFileReference; lastKnownFileType = sourcecode.swift; path = ExpenseTableViewCell.swift; sourceTree = "<group>"; };
		892F362497B138331AC4FAC2 /* Pods_Cookid.framework */ = {isa = PBXFileReference; explicitFileType = wrapper.framework; includeInIndex = 0; path = Pods_Cookid.framework; sourceTree = BUILT_PRODUCTS_DIR; };
		8C50FE9E568A82974743347A /* Pods-Cookid.release.xcconfig */ = {isa = PBXFileReference; includeInIndex = 1; lastKnownFileType = text.xcconfig; name = "Pods-Cookid.release.xcconfig"; path = "Target Support Files/Pods-Cookid/Pods-Cookid.release.xcconfig"; sourceTree = "<group>"; };
		C64560B0269D4BDF009B249F /* MealDetailViewController.swift */ = {isa = PBXFileReference; fileEncoding = 4; lastKnownFileType = sourcecode.swift; path = MealDetailViewController.swift; sourceTree = "<group>"; };
		C64560B2269D4BEF009B249F /* ModifyMealView.swift */ = {isa = PBXFileReference; fileEncoding = 4; lastKnownFileType = sourcecode.swift; path = ModifyMealView.swift; sourceTree = "<group>"; };
		C64560B3269D4BEF009B249F /* ModifyMealViewForAvailable.swift */ = {isa = PBXFileReference; fileEncoding = 4; lastKnownFileType = sourcecode.swift; path = ModifyMealViewForAvailable.swift; sourceTree = "<group>"; };
		C64560B4269D4BEF009B249F /* MealDetailView.swift */ = {isa = PBXFileReference; fileEncoding = 4; lastKnownFileType = sourcecode.swift; path = MealDetailView.swift; sourceTree = "<group>"; };
		C64560B8269D4C04009B249F /* InputMealViewController.swift */ = {isa = PBXFileReference; fileEncoding = 4; lastKnownFileType = sourcecode.swift; path = InputMealViewController.swift; sourceTree = "<group>"; };
		C64560B9269D4C04009B249F /* InputMealView.swift */ = {isa = PBXFileReference; fileEncoding = 4; lastKnownFileType = sourcecode.swift; path = InputMealView.swift; sourceTree = "<group>"; };
		C64560BC269D4C0E009B249F /* ImagePicker.swift */ = {isa = PBXFileReference; fileEncoding = 4; lastKnownFileType = sourcecode.swift; path = ImagePicker.swift; sourceTree = "<group>"; };
		C64560BD269D4C0E009B249F /* TextFieldWithPickerAsInputView.swift */ = {isa = PBXFileReference; fileEncoding = 4; lastKnownFileType = sourcecode.swift; path = TextFieldWithPickerAsInputView.swift; sourceTree = "<group>"; };
		C64560BE269D4C0E009B249F /* DatePickerTextField.swift */ = {isa = PBXFileReference; fileEncoding = 4; lastKnownFileType = sourcecode.swift; path = DatePickerTextField.swift; sourceTree = "<group>"; };
		C67441D726970E7C0086CBAD /* AuthRepository.swift */ = {isa = PBXFileReference; lastKnownFileType = sourcecode.swift; path = AuthRepository.swift; sourceTree = "<group>"; };
		C6BFF4522694996A006295F5 /* Entities.swift */ = {isa = PBXFileReference; fileEncoding = 4; lastKnownFileType = sourcecode.swift; path = Entities.swift; sourceTree = "<group>"; };
		C6BFF45426949986006295F5 /* UserRepositrory.swift */ = {isa = PBXFileReference; fileEncoding = 4; lastKnownFileType = sourcecode.swift; path = UserRepositrory.swift; sourceTree = "<group>"; };
		C6BFF45526949986006295F5 /* GroceryRepository.swift */ = {isa = PBXFileReference; fileEncoding = 4; lastKnownFileType = sourcecode.swift; path = GroceryRepository.swift; sourceTree = "<group>"; };
		C6BFF45626949986006295F5 /* MealRepository.swift */ = {isa = PBXFileReference; fileEncoding = 4; lastKnownFileType = sourcecode.swift; path = MealRepository.swift; sourceTree = "<group>"; };
		C6BFF45F26949A71006295F5 /* GoogleService-Info.plist */ = {isa = PBXFileReference; fileEncoding = 4; lastKnownFileType = text.plist.xml; path = "GoogleService-Info.plist"; sourceTree = "<group>"; };
		C6BFF46126949AA7006295F5 /* Constant.swift */ = {isa = PBXFileReference; lastKnownFileType = sourcecode.swift; path = Constant.swift; sourceTree = "<group>"; };
		DB0D7D7326949818009B2D51 /* MealService.swift */ = {isa = PBXFileReference; lastKnownFileType = sourcecode.swift; name = MealService.swift; path = COOKID/Service/MealService.swift; sourceTree = SOURCE_ROOT; };
		DB1982EC269BF3660055742B /* UserInformationViewController.swift */ = {isa = PBXFileReference; lastKnownFileType = sourcecode.swift; name = UserInformationViewController.swift; path = ../../COOKID/ViewController/UserInformationViewController.swift; sourceTree = "<group>"; };
		DB1982EE269BF7D30055742B /* UserInfo.storyboard */ = {isa = PBXFileReference; lastKnownFileType = file.storyboard; name = UserInfo.storyboard; path = COOKID/View/Storyboard/UserInfo.storyboard; sourceTree = SOURCE_ROOT; };
		DBDA046726969A6500B5C1D6 /* UserService.swift */ = {isa = PBXFileReference; lastKnownFileType = sourcecode.swift; name = UserService.swift; path = COOKID/Service/UserService.swift; sourceTree = SOURCE_ROOT; };
		DBED6A39269E7B4B0020A774 /* UserInfoUpdateViewModel.swift */ = {isa = PBXFileReference; lastKnownFileType = sourcecode.swift; path = UserInfoUpdateViewModel.swift; sourceTree = "<group>"; };
/* End PBXFileReference section */

/* Begin PBXFrameworksBuildPhase section */
		03223395269212860092DD6D /* Frameworks */ = {
			isa = PBXFrameworksBuildPhase;
			buildActionMask = 2147483647;
			files = (
				C6BFF45C26949A1E006295F5 /* FirebaseDatabase in Frameworks */,
				7CDB672F20DDD0D65D45B557 /* Pods_Cookid.framework in Frameworks */,
				C6BFF45E26949A1E006295F5 /* FirebaseStorage in Frameworks */,
				C6150A092696C20800578EAB /* FirebaseAuth in Frameworks */,
			);
			runOnlyForDeploymentPostprocessing = 0;
		};
/* End PBXFrameworksBuildPhase section */

/* Begin PBXGroup section */
		0322338F269212860092DD6D = {
			isa = PBXGroup;
			children = (
				0322339A269212860092DD6D /* Cookid */,
				03223399269212860092DD6D /* Products */,
				4D7F201105C9BFA7F50A2933 /* Pods */,
				10D0AB71C5B71C6AD217376D /* Frameworks */,
				C6BFF45F26949A71006295F5 /* GoogleService-Info.plist */,
			);
			sourceTree = "<group>";
		};
		03223399269212860092DD6D /* Products */ = {
			isa = PBXGroup;
			children = (
				03223398269212860092DD6D /* Cookid.app */,
			);
			name = Products;
			sourceTree = "<group>";
		};
		0322339A269212860092DD6D /* Cookid */ = {
			isa = PBXGroup;
			children = (
				032233B6269276920092DD6D /* Resources */,
				032233B02692765C0092DD6D /* Entity */,
				032233B1269276680092DD6D /* Model */,
				032233AF2692764F0092DD6D /* Repository */,
				DB0D7D722694980B009B2D51 /* Service */,
				032233B2269276720092DD6D /* ViewModel */,
				032233B32692767E0092DD6D /* ViewController */,
				032233B4269276840092DD6D /* View */,
				0322339B269212860092DD6D /* AppDelegate.swift */,
				0322339D269212860092DD6D /* SceneDelegate.swift */,
				032233A9269212870092DD6D /* Info.plist */,
			);
			path = Cookid;
			sourceTree = "<group>";
		};
		032233AF2692764F0092DD6D /* Repository */ = {
			isa = PBXGroup;
			children = (
				C6BFF45526949986006295F5 /* GroceryRepository.swift */,
				C6BFF45626949986006295F5 /* MealRepository.swift */,
				C6BFF45426949986006295F5 /* UserRepositrory.swift */,
				C67441D726970E7C0086CBAD /* AuthRepository.swift */,
			);
			path = Repository;
			sourceTree = "<group>";
		};
		032233B02692765C0092DD6D /* Entity */ = {
			isa = PBXGroup;
			children = (
				C6BFF4522694996A006295F5 /* Entities.swift */,
			);
			path = Entity;
			sourceTree = "<group>";
		};
		032233B1269276680092DD6D /* Model */ = {
			isa = PBXGroup;
			children = (
				032233B9269277520092DD6D /* Meal.swift */,
				032233DD2693057C0092DD6D /* User.swift */,
			);
			path = Model;
			sourceTree = "<group>";
		};
		032233B2269276720092DD6D /* ViewModel */ = {
			isa = PBXGroup;
			children = (
				032233D82692F8ED0092DD6D /* OnboardingViewModel.swift */,
				035E492626975815002CC084 /* MainViewModel.swift */,
				0395B61426941121009289B7 /* MyMealViewModel.swift */,
				DBED6A39269E7B4B0020A774 /* UserInfoUpdateViewModel.swift */,
				038875AC269FD1EF00D5D202 /* MyExpenseViewModel.swift */,
			);
			path = ViewModel;
			sourceTree = "<group>";
		};
		032233B32692767E0092DD6D /* ViewController */ = {
			isa = PBXGroup;
			children = (
				C64560C4269DC982009B249F /* InputMealViewController */,
				C64560C3269DC96A009B249F /* MealDtailViewController */,
				032233C92692A8310092DD6D /* onboarding */,
				35160674269F2047008B7264 /* MyExpenseViewController */,
				032233B7269276DB0092DD6D /* MainViewController.swift */,
				035E492A26987CFB002CC084 /* SelectCalendarViewController.swift */,
				032233BB269279DC0092DD6D /* MyMealViewController.swift */,
				DB1982EC269BF3660055742B /* UserInformationViewController.swift */,
			);
			path = ViewController;
			sourceTree = "<group>";
		};
		032233B4269276840092DD6D /* View */ = {
			isa = PBXGroup;
			children = (
				0395B61626943B1F009289B7 /* CustomView */,
				032233C8269280640092DD6D /* Storyboard */,
			);
			path = View;
			sourceTree = "<group>";
		};
		032233B6269276920092DD6D /* Resources */ = {
			isa = PBXGroup;
			children = (
				032233D52692F00B0092DD6D /* API */,
				032233D42692D52A0092DD6D /* Font */,
				032233A4269212870092DD6D /* Assets.xcassets */,
			);
			path = Resources;
			sourceTree = "<group>";
		};
		032233C526927EF90092DD6D /* DummyData */ = {
			isa = PBXGroup;
			children = (
				032233C626927F0C0092DD6D /* DummyData.swift */,
			);
			path = DummyData;
			sourceTree = "<group>";
		};
		032233C8269280640092DD6D /* Storyboard */ = {
			isa = PBXGroup;
			children = (
				032233A6269212870092DD6D /* LaunchScreen.storyboard */,
				032233A1269212860092DD6D /* Main.storyboard */,
				032233BF26927A4F0092DD6D /* MyMealTap.storyboard */,
				032233C326927A910092DD6D /* MyExpenseTap.storyboard */,
				DB1982EE269BF7D30055742B /* UserInfo.storyboard */,
				3556D2F926A074F700E9663A /* InputDataShopping.storyboard */,
			);
			path = Storyboard;
			sourceTree = "<group>";
		};
		032233C92692A8310092DD6D /* onboarding */ = {
			isa = PBXGroup;
			children = (
				032233CA2692A8630092DD6D /* OnboardingPageViewViewController.swift */,
				032233CC2692A8F70092DD6D /* FirstPageViewController.swift */,
				032233CE2692A90B0092DD6D /* SecondPageViewController.swift */,
				032233D02692A91A0092DD6D /* ThirdPageViewController.swift */,
				032233D22692A94D0092DD6D /* FourthPageViewController.swift */,
			);
			path = onboarding;
			sourceTree = "<group>";
		};
		032233D42692D52A0092DD6D /* Font */ = {
			isa = PBXGroup;
			children = (
			);
			path = Font;
			sourceTree = "<group>";
		};
		032233D52692F00B0092DD6D /* API */ = {
			isa = PBXGroup;
			children = (
				032233D62692F0160092DD6D /* Extension.swift */,
				032233E826934F180092DD6D /* Protocol.swift */,
				C6BFF46126949AA7006295F5 /* Constant.swift */,
				241523B3269D24860077941A /* Function.swift */,
			);
			path = API;
			sourceTree = "<group>";
		};
		0395B61626943B1F009289B7 /* CustomView */ = {
			isa = PBXGroup;
			children = (
				C64560BE269D4C0E009B249F /* DatePickerTextField.swift */,
				C64560BC269D4C0E009B249F /* ImagePicker.swift */,
				C64560BD269D4C0E009B249F /* TextFieldWithPickerAsInputView.swift */,
				0395B61726943B30009289B7 /* CustomProgressBar.swift */,
				035E4922269681A0002CC084 /* CustomProgressCircleView.swift */,
				035E491C26956F92002CC084 /* MealTableViewCell.swift */,
				035E4920269597D4002CC084 /* MealTimeCollectionViewCell.swift */,
				035E492826976B85002CC084 /* MealDayCollectionViewCell.swift */,
				355A36BA2698956F001A5CD8 /* ExpenseTableViewCell.swift */,
				353BE56C269D6A85006A6A47 /* InputShoppingDataModalView */,
			);
			path = CustomView;
			sourceTree = "<group>";
		};
		10D0AB71C5B71C6AD217376D /* Frameworks */ = {
			isa = PBXGroup;
			children = (
				892F362497B138331AC4FAC2 /* Pods_Cookid.framework */,
			);
			name = Frameworks;
			sourceTree = "<group>";
		};
		35160674269F2047008B7264 /* MyExpenseViewController */ = {
			isa = PBXGroup;
			children = (
				032233BD26927A160092DD6D /* MyExpenseViewController.swift */,
				355A36B626989461001A5CD8 /* MyExpenseVC+FSCalendar.swift */,
				355A36B8269894A5001A5CD8 /* MyExpenseVC+TableView.swift */,
			);
			path = MyExpenseViewController;
			sourceTree = "<group>";
		};
		353BE56C269D6A85006A6A47 /* InputShoppingDataModalView */ = {
			isa = PBXGroup;
			children = (
				353BE568269C860E006A6A47 /* InputDataShoppingViewController.swift */,
				353BE56A269D6A7C006A6A47 /* PanModalHeaderView.swift */,
				353BE56F269D72B7006A6A47 /* InputDataTableViewCell.swift */,
			);
			path = InputShoppingDataModalView;
			sourceTree = "<group>";
		};
		4D7F201105C9BFA7F50A2933 /* Pods */ = {
			isa = PBXGroup;
			children = (
				0D9E6C6D928F53B1DABF630B /* Pods-Cookid.debug.xcconfig */,
				8C50FE9E568A82974743347A /* Pods-Cookid.release.xcconfig */,
			);
			path = Pods;
			sourceTree = "<group>";
		};
		C64560C3269DC96A009B249F /* MealDtailViewController */ = {
			isa = PBXGroup;
			children = (
				C64560B0269D4BDF009B249F /* MealDetailViewController.swift */,
				C64560B4269D4BEF009B249F /* MealDetailView.swift */,
				C64560B2269D4BEF009B249F /* ModifyMealView.swift */,
				C64560B3269D4BEF009B249F /* ModifyMealViewForAvailable.swift */,
			);
			path = MealDtailViewController;
			sourceTree = "<group>";
		};
		C64560C4269DC982009B249F /* InputMealViewController */ = {
			isa = PBXGroup;
			children = (
				C64560B8269D4C04009B249F /* InputMealViewController.swift */,
				C64560B9269D4C04009B249F /* InputMealView.swift */,
			);
			path = InputMealViewController;
			sourceTree = "<group>";
		};
		DB0D7D722694980B009B2D51 /* Service */ = {
			isa = PBXGroup;
			children = (
				032233C526927EF90092DD6D /* DummyData */,
				DB0D7D7326949818009B2D51 /* MealService.swift */,
				DBDA046726969A6500B5C1D6 /* UserService.swift */,
				241523AF269D093E0077941A /* ShoppingService.swift */,
			);
			path = Service;
			sourceTree = "<group>";
		};
/* End PBXGroup section */

/* Begin PBXNativeTarget section */
		03223397269212860092DD6D /* Cookid */ = {
			isa = PBXNativeTarget;
			buildConfigurationList = 032233AC269212870092DD6D /* Build configuration list for PBXNativeTarget "Cookid" */;
			buildPhases = (
				B408D14B1A4FFC8211A3E8F9 /* [CP] Check Pods Manifest.lock */,
				03223394269212860092DD6D /* Sources */,
				03223395269212860092DD6D /* Frameworks */,
				03223396269212860092DD6D /* Resources */,
				620BC73790CEAA4D3BB7172B /* [CP] Embed Pods Frameworks */,
			);
			buildRules = (
			);
			dependencies = (
			);
			name = Cookid;
			packageProductDependencies = (
				C6BFF45B26949A1E006295F5 /* FirebaseDatabase */,
				C6BFF45D26949A1E006295F5 /* FirebaseStorage */,
				C6150A082696C20800578EAB /* FirebaseAuth */,
			);
			productName = Cookid;
			productReference = 03223398269212860092DD6D /* Cookid.app */;
			productType = "com.apple.product-type.application";
		};
/* End PBXNativeTarget section */

/* Begin PBXProject section */
		03223390269212860092DD6D /* Project object */ = {
			isa = PBXProject;
			attributes = {
				LastSwiftUpdateCheck = 1250;
				LastUpgradeCheck = 1250;
				TargetAttributes = {
					03223397269212860092DD6D = {
						CreatedOnToolsVersion = 12.5.1;
					};
				};
			};
			buildConfigurationList = 03223393269212860092DD6D /* Build configuration list for PBXProject "Cookid" */;
			compatibilityVersion = "Xcode 9.3";
			developmentRegion = en;
			hasScannedForEncodings = 0;
			knownRegions = (
				en,
				Base,
			);
			mainGroup = 0322338F269212860092DD6D;
			packageReferences = (
				C6BFF45A26949A1E006295F5 /* XCRemoteSwiftPackageReference "firebase-ios-sdk" */,
			);
			productRefGroup = 03223399269212860092DD6D /* Products */;
			projectDirPath = "";
			projectRoot = "";
			targets = (
				03223397269212860092DD6D /* Cookid */,
			);
		};
/* End PBXProject section */

/* Begin PBXResourcesBuildPhase section */
		03223396269212860092DD6D /* Resources */ = {
			isa = PBXResourcesBuildPhase;
			buildActionMask = 2147483647;
			files = (
				032233A8269212870092DD6D /* LaunchScreen.storyboard in Resources */,
				032233C026927A4F0092DD6D /* MyMealTap.storyboard in Resources */,
				032233A5269212870092DD6D /* Assets.xcassets in Resources */,
				DB1982EF269BF7D30055742B /* UserInfo.storyboard in Resources */,
				032233C426927A910092DD6D /* MyExpenseTap.storyboard in Resources */,
				3556D2FA26A074F700E9663A /* InputDataShopping.storyboard in Resources */,
				032233A3269212860092DD6D /* Main.storyboard in Resources */,
				C6BFF46026949A71006295F5 /* GoogleService-Info.plist in Resources */,
			);
			runOnlyForDeploymentPostprocessing = 0;
		};
/* End PBXResourcesBuildPhase section */

/* Begin PBXShellScriptBuildPhase section */
		620BC73790CEAA4D3BB7172B /* [CP] Embed Pods Frameworks */ = {
			isa = PBXShellScriptBuildPhase;
			buildActionMask = 2147483647;
			files = (
			);
			inputFileListPaths = (
				"${PODS_ROOT}/Target Support Files/Pods-Cookid/Pods-Cookid-frameworks-${CONFIGURATION}-input-files.xcfilelist",
			);
			name = "[CP] Embed Pods Frameworks";
			outputFileListPaths = (
				"${PODS_ROOT}/Target Support Files/Pods-Cookid/Pods-Cookid-frameworks-${CONFIGURATION}-output-files.xcfilelist",
			);
			runOnlyForDeploymentPostprocessing = 0;
			shellPath = /bin/sh;
			shellScript = "\"${PODS_ROOT}/Target Support Files/Pods-Cookid/Pods-Cookid-frameworks.sh\"\n";
			showEnvVarsInLog = 0;
		};
		B408D14B1A4FFC8211A3E8F9 /* [CP] Check Pods Manifest.lock */ = {
			isa = PBXShellScriptBuildPhase;
			buildActionMask = 2147483647;
			files = (
			);
			inputFileListPaths = (
			);
			inputPaths = (
				"${PODS_PODFILE_DIR_PATH}/Podfile.lock",
				"${PODS_ROOT}/Manifest.lock",
			);
			name = "[CP] Check Pods Manifest.lock";
			outputFileListPaths = (
			);
			outputPaths = (
				"$(DERIVED_FILE_DIR)/Pods-Cookid-checkManifestLockResult.txt",
			);
			runOnlyForDeploymentPostprocessing = 0;
			shellPath = /bin/sh;
			shellScript = "diff \"${PODS_PODFILE_DIR_PATH}/Podfile.lock\" \"${PODS_ROOT}/Manifest.lock\" > /dev/null\nif [ $? != 0 ] ; then\n    # print error to STDERR\n    echo \"error: The sandbox is not in sync with the Podfile.lock. Run 'pod install' or update your CocoaPods installation.\" >&2\n    exit 1\nfi\n# This output is used by Xcode 'outputs' to avoid re-running this script phase.\necho \"SUCCESS\" > \"${SCRIPT_OUTPUT_FILE_0}\"\n";
			showEnvVarsInLog = 0;
		};
/* End PBXShellScriptBuildPhase section */

/* Begin PBXSourcesBuildPhase section */
		03223394269212860092DD6D /* Sources */ = {
			isa = PBXSourcesBuildPhase;
			buildActionMask = 2147483647;
			files = (
				035E4921269597D4002CC084 /* MealTimeCollectionViewCell.swift in Sources */,
				032233BA269277520092DD6D /* Meal.swift in Sources */,
				038875AD269FD1EF00D5D202 /* MyExpenseViewModel.swift in Sources */,
				DBDA046826969A6500B5C1D6 /* UserService.swift in Sources */,
				C6BFF45826949986006295F5 /* GroceryRepository.swift in Sources */,
				C6BFF45726949986006295F5 /* UserRepositrory.swift in Sources */,
				0395B61826943B30009289B7 /* CustomProgressBar.swift in Sources */,
				032233D32692A94D0092DD6D /* FourthPageViewController.swift in Sources */,
				035E492926976B85002CC084 /* MealDayCollectionViewCell.swift in Sources */,
				032233D12692A91A0092DD6D /* ThirdPageViewController.swift in Sources */,
				241523B0269D093E0077941A /* ShoppingService.swift in Sources */,
				035E492726975815002CC084 /* MainViewModel.swift in Sources */,
				032233B8269276DB0092DD6D /* MainViewController.swift in Sources */,
				C64560C2269D5D97009B249F /* MealDetailView.swift in Sources */,
				0322339C269212860092DD6D /* AppDelegate.swift in Sources */,
				C64560BF269D4C0E009B249F /* ImagePicker.swift in Sources */,
				C64560C0269D4C0E009B249F /* TextFieldWithPickerAsInputView.swift in Sources */,
				355A36B726989461001A5CD8 /* MyExpenseVC+FSCalendar.swift in Sources */,
				032233D92692F8ED0092DD6D /* OnboardingViewModel.swift in Sources */,
				355A36BB2698956F001A5CD8 /* ExpenseTableViewCell.swift in Sources */,
				C64560B6269D4BEF009B249F /* ModifyMealViewForAvailable.swift in Sources */,
				C64560B5269D4BEF009B249F /* ModifyMealView.swift in Sources */,
				353BE570269D72B7006A6A47 /* InputDataTableViewCell.swift in Sources */,
				DB972BC4269FD81E00143CCC /* UserInformationViewController.swift in Sources */,
				035E491D26956F92002CC084 /* MealTableViewCell.swift in Sources */,
				241523B4269D24860077941A /* Function.swift in Sources */,
				C64560B1269D4BDF009B249F /* MealDetailViewController.swift in Sources */,
				035E492B26987CFB002CC084 /* SelectCalendarViewController.swift in Sources */,
				032233CB2692A8630092DD6D /* OnboardingPageViewViewController.swift in Sources */,
				032233C726927F0C0092DD6D /* DummyData.swift in Sources */,
				C6BFF46226949AA7006295F5 /* Constant.swift in Sources */,
				032233DE2693057C0092DD6D /* User.swift in Sources */,
				C6BFF4532694996B006295F5 /* Entities.swift in Sources */,
				032233BE26927A160092DD6D /* MyExpenseViewController.swift in Sources */,
				032233CD2692A8F70092DD6D /* FirstPageViewController.swift in Sources */,
				032233D72692F0160092DD6D /* Extension.swift in Sources */,
				032233BC269279DC0092DD6D /* MyMealViewController.swift in Sources */,
				353BE56B269D6A7C006A6A47 /* PanModalHeaderView.swift in Sources */,
				C6150A062696BB3300578EAB /* MyMealViewModel.swift in Sources */,
				355A36B9269894A5001A5CD8 /* MyExpenseVC+TableView.swift in Sources */,
				0322339E269212860092DD6D /* SceneDelegate.swift in Sources */,
				C67441D62696FA530086CBAD /* MealService.swift in Sources */,
				C64560BB269D4C04009B249F /* InputMealView.swift in Sources */,
				032233E926934F180092DD6D /* Protocol.swift in Sources */,
				C64560C1269D4C0E009B249F /* DatePickerTextField.swift in Sources */,
				C67441D826970E7C0086CBAD /* AuthRepository.swift in Sources */,
				DBED6A3A269E7B4B0020A774 /* UserInfoUpdateViewModel.swift in Sources */,
				038875AE269FD7DA00D5D202 /* UserInformationViewController.swift in Sources */,
				032233CF2692A90B0092DD6D /* SecondPageViewController.swift in Sources */,
				C6BFF45926949986006295F5 /* MealRepository.swift in Sources */,
				035E4923269681A0002CC084 /* CustomProgressCircleView.swift in Sources */,
				C64560BA269D4C04009B249F /* InputMealViewController.swift in Sources */,
				353BE569269C860E006A6A47 /* InputDataShoppingViewController.swift in Sources */,
			);
			runOnlyForDeploymentPostprocessing = 0;
		};
/* End PBXSourcesBuildPhase section */

/* Begin PBXVariantGroup section */
		032233A1269212860092DD6D /* Main.storyboard */ = {
			isa = PBXVariantGroup;
			children = (
				032233A2269212860092DD6D /* Base */,
			);
			name = Main.storyboard;
			sourceTree = "<group>";
		};
		032233A6269212870092DD6D /* LaunchScreen.storyboard */ = {
			isa = PBXVariantGroup;
			children = (
				032233A7269212870092DD6D /* Base */,
			);
			name = LaunchScreen.storyboard;
			sourceTree = "<group>";
		};
/* End PBXVariantGroup section */

/* Begin XCBuildConfiguration section */
		032233AA269212870092DD6D /* Debug */ = {
			isa = XCBuildConfiguration;
			buildSettings = {
				ALWAYS_SEARCH_USER_PATHS = NO;
				CLANG_ANALYZER_NONNULL = YES;
				CLANG_ANALYZER_NUMBER_OBJECT_CONVERSION = YES_AGGRESSIVE;
				CLANG_CXX_LANGUAGE_STANDARD = "gnu++14";
				CLANG_CXX_LIBRARY = "libc++";
				CLANG_ENABLE_MODULES = YES;
				CLANG_ENABLE_OBJC_ARC = YES;
				CLANG_ENABLE_OBJC_WEAK = YES;
				CLANG_WARN_BLOCK_CAPTURE_AUTORELEASING = YES;
				CLANG_WARN_BOOL_CONVERSION = YES;
				CLANG_WARN_COMMA = YES;
				CLANG_WARN_CONSTANT_CONVERSION = YES;
				CLANG_WARN_DEPRECATED_OBJC_IMPLEMENTATIONS = YES;
				CLANG_WARN_DIRECT_OBJC_ISA_USAGE = YES_ERROR;
				CLANG_WARN_DOCUMENTATION_COMMENTS = YES;
				CLANG_WARN_EMPTY_BODY = YES;
				CLANG_WARN_ENUM_CONVERSION = YES;
				CLANG_WARN_INFINITE_RECURSION = YES;
				CLANG_WARN_INT_CONVERSION = YES;
				CLANG_WARN_NON_LITERAL_NULL_CONVERSION = YES;
				CLANG_WARN_OBJC_IMPLICIT_RETAIN_SELF = YES;
				CLANG_WARN_OBJC_LITERAL_CONVERSION = YES;
				CLANG_WARN_OBJC_ROOT_CLASS = YES_ERROR;
				CLANG_WARN_QUOTED_INCLUDE_IN_FRAMEWORK_HEADER = YES;
				CLANG_WARN_RANGE_LOOP_ANALYSIS = YES;
				CLANG_WARN_STRICT_PROTOTYPES = YES;
				CLANG_WARN_SUSPICIOUS_MOVE = YES;
				CLANG_WARN_UNGUARDED_AVAILABILITY = YES_AGGRESSIVE;
				CLANG_WARN_UNREACHABLE_CODE = YES;
				CLANG_WARN__DUPLICATE_METHOD_MATCH = YES;
				COPY_PHASE_STRIP = NO;
				DEBUG_INFORMATION_FORMAT = dwarf;
				ENABLE_STRICT_OBJC_MSGSEND = YES;
				ENABLE_TESTABILITY = YES;
				GCC_C_LANGUAGE_STANDARD = gnu11;
				GCC_DYNAMIC_NO_PIC = NO;
				GCC_NO_COMMON_BLOCKS = YES;
				GCC_OPTIMIZATION_LEVEL = 0;
				GCC_PREPROCESSOR_DEFINITIONS = (
					"DEBUG=1",
					"$(inherited)",
				);
				GCC_WARN_64_TO_32_BIT_CONVERSION = YES;
				GCC_WARN_ABOUT_RETURN_TYPE = YES_ERROR;
				GCC_WARN_UNDECLARED_SELECTOR = YES;
				GCC_WARN_UNINITIALIZED_AUTOS = YES_AGGRESSIVE;
				GCC_WARN_UNUSED_FUNCTION = YES;
				GCC_WARN_UNUSED_VARIABLE = YES;
				IPHONEOS_DEPLOYMENT_TARGET = 13.0;
				MTL_ENABLE_DEBUG_INFO = INCLUDE_SOURCE;
				MTL_FAST_MATH = YES;
				ONLY_ACTIVE_ARCH = YES;
				SDKROOT = iphoneos;
				SWIFT_ACTIVE_COMPILATION_CONDITIONS = DEBUG;
				SWIFT_OPTIMIZATION_LEVEL = "-Onone";
			};
			name = Debug;
		};
		032233AB269212870092DD6D /* Release */ = {
			isa = XCBuildConfiguration;
			buildSettings = {
				ALWAYS_SEARCH_USER_PATHS = NO;
				CLANG_ANALYZER_NONNULL = YES;
				CLANG_ANALYZER_NUMBER_OBJECT_CONVERSION = YES_AGGRESSIVE;
				CLANG_CXX_LANGUAGE_STANDARD = "gnu++14";
				CLANG_CXX_LIBRARY = "libc++";
				CLANG_ENABLE_MODULES = YES;
				CLANG_ENABLE_OBJC_ARC = YES;
				CLANG_ENABLE_OBJC_WEAK = YES;
				CLANG_WARN_BLOCK_CAPTURE_AUTORELEASING = YES;
				CLANG_WARN_BOOL_CONVERSION = YES;
				CLANG_WARN_COMMA = YES;
				CLANG_WARN_CONSTANT_CONVERSION = YES;
				CLANG_WARN_DEPRECATED_OBJC_IMPLEMENTATIONS = YES;
				CLANG_WARN_DIRECT_OBJC_ISA_USAGE = YES_ERROR;
				CLANG_WARN_DOCUMENTATION_COMMENTS = YES;
				CLANG_WARN_EMPTY_BODY = YES;
				CLANG_WARN_ENUM_CONVERSION = YES;
				CLANG_WARN_INFINITE_RECURSION = YES;
				CLANG_WARN_INT_CONVERSION = YES;
				CLANG_WARN_NON_LITERAL_NULL_CONVERSION = YES;
				CLANG_WARN_OBJC_IMPLICIT_RETAIN_SELF = YES;
				CLANG_WARN_OBJC_LITERAL_CONVERSION = YES;
				CLANG_WARN_OBJC_ROOT_CLASS = YES_ERROR;
				CLANG_WARN_QUOTED_INCLUDE_IN_FRAMEWORK_HEADER = YES;
				CLANG_WARN_RANGE_LOOP_ANALYSIS = YES;
				CLANG_WARN_STRICT_PROTOTYPES = YES;
				CLANG_WARN_SUSPICIOUS_MOVE = YES;
				CLANG_WARN_UNGUARDED_AVAILABILITY = YES_AGGRESSIVE;
				CLANG_WARN_UNREACHABLE_CODE = YES;
				CLANG_WARN__DUPLICATE_METHOD_MATCH = YES;
				COPY_PHASE_STRIP = NO;
				DEBUG_INFORMATION_FORMAT = "dwarf-with-dsym";
				ENABLE_NS_ASSERTIONS = NO;
				ENABLE_STRICT_OBJC_MSGSEND = YES;
				GCC_C_LANGUAGE_STANDARD = gnu11;
				GCC_NO_COMMON_BLOCKS = YES;
				GCC_WARN_64_TO_32_BIT_CONVERSION = YES;
				GCC_WARN_ABOUT_RETURN_TYPE = YES_ERROR;
				GCC_WARN_UNDECLARED_SELECTOR = YES;
				GCC_WARN_UNINITIALIZED_AUTOS = YES_AGGRESSIVE;
				GCC_WARN_UNUSED_FUNCTION = YES;
				GCC_WARN_UNUSED_VARIABLE = YES;
				IPHONEOS_DEPLOYMENT_TARGET = 13.0;
				MTL_ENABLE_DEBUG_INFO = NO;
				MTL_FAST_MATH = YES;
				SDKROOT = iphoneos;
				SWIFT_COMPILATION_MODE = wholemodule;
				SWIFT_OPTIMIZATION_LEVEL = "-O";
				VALIDATE_PRODUCT = YES;
			};
			name = Release;
		};
		032233AD269212870092DD6D /* Debug */ = {
			isa = XCBuildConfiguration;
			baseConfigurationReference = 0D9E6C6D928F53B1DABF630B /* Pods-Cookid.debug.xcconfig */;
			buildSettings = {
				ASSETCATALOG_COMPILER_APPICON_NAME = AppIcon;
				ASSETCATALOG_COMPILER_GLOBAL_ACCENT_COLOR_NAME = AccentColor;
				CODE_SIGN_STYLE = Automatic;
				DEVELOPMENT_TEAM = MBAJ2NCPU9;
				INFOPLIST_FILE = Cookid/Info.plist;
				LD_RUNPATH_SEARCH_PATHS = (
					"$(inherited)",
					"@executable_path/Frameworks",
				);
				PRODUCT_BUNDLE_IDENTIFIER = com.DeveloperPaul.Cookid;
				PRODUCT_NAME = "$(TARGET_NAME)";
				SWIFT_COMPILATION_MODE = wholemodule;
				SWIFT_VERSION = 5.0;
				TARGETED_DEVICE_FAMILY = "1,2";
			};
			name = Debug;
		};
		032233AE269212870092DD6D /* Release */ = {
			isa = XCBuildConfiguration;
			baseConfigurationReference = 8C50FE9E568A82974743347A /* Pods-Cookid.release.xcconfig */;
			buildSettings = {
				ASSETCATALOG_COMPILER_APPICON_NAME = AppIcon;
				ASSETCATALOG_COMPILER_GLOBAL_ACCENT_COLOR_NAME = AccentColor;
				CODE_SIGN_STYLE = Automatic;
				DEVELOPMENT_TEAM = MBAJ2NCPU9;
				INFOPLIST_FILE = Cookid/Info.plist;
				LD_RUNPATH_SEARCH_PATHS = (
					"$(inherited)",
					"@executable_path/Frameworks",
				);
				PRODUCT_BUNDLE_IDENTIFIER = com.DeveloperPaul.Cookid;
				PRODUCT_NAME = "$(TARGET_NAME)";
				SWIFT_COMPILATION_MODE = wholemodule;
				SWIFT_VERSION = 5.0;
				TARGETED_DEVICE_FAMILY = "1,2";
			};
			name = Release;
		};
/* End XCBuildConfiguration section */

/* Begin XCConfigurationList section */
		03223393269212860092DD6D /* Build configuration list for PBXProject "Cookid" */ = {
			isa = XCConfigurationList;
			buildConfigurations = (
				032233AA269212870092DD6D /* Debug */,
				032233AB269212870092DD6D /* Release */,
			);
			defaultConfigurationIsVisible = 0;
			defaultConfigurationName = Release;
		};
		032233AC269212870092DD6D /* Build configuration list for PBXNativeTarget "Cookid" */ = {
			isa = XCConfigurationList;
			buildConfigurations = (
				032233AD269212870092DD6D /* Debug */,
				032233AE269212870092DD6D /* Release */,
			);
			defaultConfigurationIsVisible = 0;
			defaultConfigurationName = Release;
		};
/* End XCConfigurationList section */

/* Begin XCRemoteSwiftPackageReference section */
		C6BFF45A26949A1E006295F5 /* XCRemoteSwiftPackageReference "firebase-ios-sdk" */ = {
			isa = XCRemoteSwiftPackageReference;
			repositoryURL = "https://github.com/firebase/firebase-ios-sdk.git";
			requirement = {
				kind = upToNextMajorVersion;
				minimumVersion = 8.2.0;
			};
		};
/* End XCRemoteSwiftPackageReference section */

/* Begin XCSwiftPackageProductDependency section */
		C6150A082696C20800578EAB /* FirebaseAuth */ = {
			isa = XCSwiftPackageProductDependency;
			package = C6BFF45A26949A1E006295F5 /* XCRemoteSwiftPackageReference "firebase-ios-sdk" */;
			productName = FirebaseAuth;
		};
		C6BFF45B26949A1E006295F5 /* FirebaseDatabase */ = {
			isa = XCSwiftPackageProductDependency;
			package = C6BFF45A26949A1E006295F5 /* XCRemoteSwiftPackageReference "firebase-ios-sdk" */;
			productName = FirebaseDatabase;
		};
		C6BFF45D26949A1E006295F5 /* FirebaseStorage */ = {
			isa = XCSwiftPackageProductDependency;
			package = C6BFF45A26949A1E006295F5 /* XCRemoteSwiftPackageReference "firebase-ios-sdk" */;
			productName = FirebaseStorage;
		};
/* End XCSwiftPackageProductDependency section */
	};
	rootObject = 03223390269212860092DD6D /* Project object */;
}
