// !$*UTF8*$!
{
	archiveVersion = 1;
	classes = {
	};
	objectVersion = 50;
	objects = {

/* Begin PBXBuildFile section */
		35F38978263984FE0090848D /* EatingDataViewController.swift in Sources */ = {isa = PBXBuildFile; fileRef = 35F38977263984FE0090848D /* EatingDataViewController.swift */; };
		35F3897A263988350090848D /* EatingDataCollectionViewCell.swift in Sources */ = {isa = PBXBuildFile; fileRef = 35F38979263988350090848D /* EatingDataCollectionViewCell.swift */; };
		35FBFF3B262F0C5F007A948A /* MainViewController.swift in Sources */ = {isa = PBXBuildFile; fileRef = 35FBFF3A262F0C5F007A948A /* MainViewController.swift */; };
		C61A9659263C390100F01203 /* DateViewController.swift in Sources */ = {isa = PBXBuildFile; fileRef = C61A9658263C390100F01203 /* DateViewController.swift */; };
		C65B474A26207D2A0001EC9E /* AppDelegate.swift in Sources */ = {isa = PBXBuildFile; fileRef = C65B474926207D2A0001EC9E /* AppDelegate.swift */; };
		C65B474C26207D2A0001EC9E /* SceneDelegate.swift in Sources */ = {isa = PBXBuildFile; fileRef = C65B474B26207D2A0001EC9E /* SceneDelegate.swift */; };
		C65B474E26207D2A0001EC9E /* ViewController.swift in Sources */ = {isa = PBXBuildFile; fileRef = C65B474D26207D2A0001EC9E /* ViewController.swift */; };
		C65B475126207D2A0001EC9E /* Main.storyboard in Resources */ = {isa = PBXBuildFile; fileRef = C65B474F26207D2A0001EC9E /* Main.storyboard */; };
		C65B475326207D300001EC9E /* Assets.xcassets in Resources */ = {isa = PBXBuildFile; fileRef = C65B475226207D300001EC9E /* Assets.xcassets */; };
		C65B475626207D300001EC9E /* LaunchScreen.storyboard in Resources */ = {isa = PBXBuildFile; fileRef = C65B475426207D300001EC9E /* LaunchScreen.storyboard */; };
/* End PBXBuildFile section */

/* Begin PBXFileReference section */
		35F38977263984FE0090848D /* EatingDataViewController.swift */ = {isa = PBXFileReference; lastKnownFileType = sourcecode.swift; path = EatingDataViewController.swift; sourceTree = "<group>"; };
		35F38979263988350090848D /* EatingDataCollectionViewCell.swift */ = {isa = PBXFileReference; lastKnownFileType = sourcecode.swift; path = EatingDataCollectionViewCell.swift; sourceTree = "<group>"; };
		35FBFF3A262F0C5F007A948A /* MainViewController.swift */ = {isa = PBXFileReference; lastKnownFileType = sourcecode.swift; path = MainViewController.swift; sourceTree = "<group>"; };
		C61A9658263C390100F01203 /* DateViewController.swift */ = {isa = PBXFileReference; lastKnownFileType = sourcecode.swift; path = DateViewController.swift; sourceTree = "<group>"; };
		C65B474626207D2A0001EC9E /* COOKID.app */ = {isa = PBXFileReference; explicitFileType = wrapper.application; includeInIndex = 0; path = COOKID.app; sourceTree = BUILT_PRODUCTS_DIR; };
		C65B474926207D2A0001EC9E /* AppDelegate.swift */ = {isa = PBXFileReference; lastKnownFileType = sourcecode.swift; path = AppDelegate.swift; sourceTree = "<group>"; };
		C65B474B26207D2A0001EC9E /* SceneDelegate.swift */ = {isa = PBXFileReference; lastKnownFileType = sourcecode.swift; path = SceneDelegate.swift; sourceTree = "<group>"; };
		C65B474D26207D2A0001EC9E /* ViewController.swift */ = {isa = PBXFileReference; lastKnownFileType = sourcecode.swift; path = ViewController.swift; sourceTree = "<group>"; };
		C65B475026207D2A0001EC9E /* Base */ = {isa = PBXFileReference; lastKnownFileType = file.storyboard; name = Base; path = Base.lproj/Main.storyboard; sourceTree = "<group>"; };
		C65B475226207D300001EC9E /* Assets.xcassets */ = {isa = PBXFileReference; lastKnownFileType = folder.assetcatalog; path = Assets.xcassets; sourceTree = "<group>"; };
		C65B475526207D300001EC9E /* Base */ = {isa = PBXFileReference; lastKnownFileType = file.storyboard; name = Base; path = Base.lproj/LaunchScreen.storyboard; sourceTree = "<group>"; };
		C65B475726207D300001EC9E /* Info.plist */ = {isa = PBXFileReference; lastKnownFileType = text.plist.xml; path = Info.plist; sourceTree = "<group>"; };
/* End PBXFileReference section */

/* Begin PBXFrameworksBuildPhase section */
		C65B474326207D2A0001EC9E /* Frameworks */ = {
			isa = PBXFrameworksBuildPhase;
			buildActionMask = 2147483647;
			files = (
			);
			runOnlyForDeploymentPostprocessing = 0;
		};
/* End PBXFrameworksBuildPhase section */

/* Begin PBXGroup section */
		C65B473D26207D2A0001EC9E = {
			isa = PBXGroup;
			children = (
				C65B474826207D2A0001EC9E /* COOKID */,
				C65B474726207D2A0001EC9E /* Products */,
			);
			sourceTree = "<group>";
		};
		C65B474726207D2A0001EC9E /* Products */ = {
			isa = PBXGroup;
			children = (
				C65B474626207D2A0001EC9E /* COOKID.app */,
			);
			name = Products;
			sourceTree = "<group>";
		};
		C65B474826207D2A0001EC9E /* COOKID */ = {
			isa = PBXGroup;
			children = (
				DB69A9B4263A6951008C9718 /* ViewControllers */,
				DB69A9B6263A6977008C9718 /* VIew */,
				DB69A9B5263A6959008C9718 /* Supporting Files */,
				C65B475226207D300001EC9E /* Assets.xcassets */,
				C65B475726207D300001EC9E /* Info.plist */,
			);
			path = COOKID;
			sourceTree = "<group>";
		};
		DB69A9B4263A6951008C9718 /* ViewControllers */ = {
			isa = PBXGroup;
			children = (
				C65B474D26207D2A0001EC9E /* ViewController.swift */,
				35FBFF3A262F0C5F007A948A /* MainViewController.swift */,
				35F38979263988350090848D /* EatingDataCollectionViewCell.swift */,
				35F38977263984FE0090848D /* EatingDataViewController.swift */,
				C61A9658263C390100F01203 /* DateViewController.swift */,
			);
			path = ViewControllers;
			sourceTree = "<group>";
		};
		DB69A9B5263A6959008C9718 /* Supporting Files */ = {
			isa = PBXGroup;
			children = (
				C65B474926207D2A0001EC9E /* AppDelegate.swift */,
				C65B474B26207D2A0001EC9E /* SceneDelegate.swift */,
			);
			path = "Supporting Files";
			sourceTree = "<group>";
		};
		DB69A9B6263A6977008C9718 /* VIew */ = {
			isa = PBXGroup;
			children = (
				C65B474F26207D2A0001EC9E /* Main.storyboard */,
				C65B475426207D300001EC9E /* LaunchScreen.storyboard */,
			);
			path = VIew;
			sourceTree = "<group>";
		};
/* End PBXGroup section */

/* Begin PBXNativeTarget section */
		C65B474526207D2A0001EC9E /* COOKID */ = {
			isa = PBXNativeTarget;
			buildConfigurationList = C65B475A26207D300001EC9E /* Build configuration list for PBXNativeTarget "COOKID" */;
			buildPhases = (
				C65B474226207D2A0001EC9E /* Sources */,
				C65B474326207D2A0001EC9E /* Frameworks */,
				C65B474426207D2A0001EC9E /* Resources */,
			);
			buildRules = (
			);
			dependencies = (
			);
			name = COOKID;
			productName = COOKID;
			productReference = C65B474626207D2A0001EC9E /* COOKID.app */;
			productType = "com.apple.product-type.application";
		};
/* End PBXNativeTarget section */

/* Begin PBXProject section */
		C65B473E26207D2A0001EC9E /* Project object */ = {
			isa = PBXProject;
			attributes = {
				LastSwiftUpdateCheck = 1240;
				LastUpgradeCheck = 1240;
				TargetAttributes = {
					C65B474526207D2A0001EC9E = {
						CreatedOnToolsVersion = 12.4;
					};
				};
			};
			buildConfigurationList = C65B474126207D2A0001EC9E /* Build configuration list for PBXProject "COOKID" */;
			compatibilityVersion = "Xcode 9.3";
			developmentRegion = en;
			hasScannedForEncodings = 0;
			knownRegions = (
				en,
				Base,
			);
			mainGroup = C65B473D26207D2A0001EC9E;
			productRefGroup = C65B474726207D2A0001EC9E /* Products */;
			projectDirPath = "";
			projectRoot = "";
			targets = (
				C65B474526207D2A0001EC9E /* COOKID */,
			);
		};
/* End PBXProject section */

/* Begin PBXResourcesBuildPhase section */
		C65B474426207D2A0001EC9E /* Resources */ = {
			isa = PBXResourcesBuildPhase;
			buildActionMask = 2147483647;
			files = (
				C65B475626207D300001EC9E /* LaunchScreen.storyboard in Resources */,
				C65B475326207D300001EC9E /* Assets.xcassets in Resources */,
				C65B475126207D2A0001EC9E /* Main.storyboard in Resources */,
			);
			runOnlyForDeploymentPostprocessing = 0;
		};
/* End PBXResourcesBuildPhase section */

/* Begin PBXSourcesBuildPhase section */
		C65B474226207D2A0001EC9E /* Sources */ = {
			isa = PBXSourcesBuildPhase;
			buildActionMask = 2147483647;
			files = (
				C61A9659263C390100F01203 /* DateViewController.swift in Sources */,
				35F3897A263988350090848D /* EatingDataCollectionViewCell.swift in Sources */,
				C65B474E26207D2A0001EC9E /* ViewController.swift in Sources */,
				C65B474A26207D2A0001EC9E /* AppDelegate.swift in Sources */,
				35F38978263984FE0090848D /* EatingDataViewController.swift in Sources */,
				C65B474C26207D2A0001EC9E /* SceneDelegate.swift in Sources */,
				35FBFF3B262F0C5F007A948A /* MainViewController.swift in Sources */,
			);
			runOnlyForDeploymentPostprocessing = 0;
		};
/* End PBXSourcesBuildPhase section */

/* Begin PBXVariantGroup section */
		C65B474F26207D2A0001EC9E /* Main.storyboard */ = {
			isa = PBXVariantGroup;
			children = (
				C65B475026207D2A0001EC9E /* Base */,
			);
			name = Main.storyboard;
			sourceTree = "<group>";
		};
		C65B475426207D300001EC9E /* LaunchScreen.storyboard */ = {
			isa = PBXVariantGroup;
			children = (
				C65B475526207D300001EC9E /* Base */,
			);
			name = LaunchScreen.storyboard;
			sourceTree = "<group>";
		};
/* End PBXVariantGroup section */

/* Begin XCBuildConfiguration section */
		C65B475826207D300001EC9E /* Debug */ = {
			isa = XCBuildConfiguration;
			buildSettings = {
				ALWAYS_SEARCH_USER_PATHS = NO;
				CLANG_ANALYZER_NONNULL = YES;
				CLANG_ANALYZER_NUMBER_OBJECT_CONVERSION = YES_AGGRESSIVE;
				CLANG_CXX_LANGUAGE_STANDARD = "gnu++14";
				CLANG_CXX_LIBRARY = "libc++";
				CLANG_ENABLE_MODULES = YES;
				CLANG_ENABLE_OBJC_ARC = YES;
				CLANG_ENABLE_OBJC_WEAK = YES;
				CLANG_WARN_BLOCK_CAPTURE_AUTORELEASING = YES;
				CLANG_WARN_BOOL_CONVERSION = YES;
				CLANG_WARN_COMMA = YES;
				CLANG_WARN_CONSTANT_CONVERSION = YES;
				CLANG_WARN_DEPRECATED_OBJC_IMPLEMENTATIONS = YES;
				CLANG_WARN_DIRECT_OBJC_ISA_USAGE = YES_ERROR;
				CLANG_WARN_DOCUMENTATION_COMMENTS = YES;
				CLANG_WARN_EMPTY_BODY = YES;
				CLANG_WARN_ENUM_CONVERSION = YES;
				CLANG_WARN_INFINITE_RECURSION = YES;
				CLANG_WARN_INT_CONVERSION = YES;
				CLANG_WARN_NON_LITERAL_NULL_CONVERSION = YES;
				CLANG_WARN_OBJC_IMPLICIT_RETAIN_SELF = YES;
				CLANG_WARN_OBJC_LITERAL_CONVERSION = YES;
				CLANG_WARN_OBJC_ROOT_CLASS = YES_ERROR;
				CLANG_WARN_QUOTED_INCLUDE_IN_FRAMEWORK_HEADER = YES;
				CLANG_WARN_RANGE_LOOP_ANALYSIS = YES;
				CLANG_WARN_STRICT_PROTOTYPES = YES;
				CLANG_WARN_SUSPICIOUS_MOVE = YES;
				CLANG_WARN_UNGUARDED_AVAILABILITY = YES_AGGRESSIVE;
				CLANG_WARN_UNREACHABLE_CODE = YES;
				CLANG_WARN__DUPLICATE_METHOD_MATCH = YES;
				COPY_PHASE_STRIP = NO;
				DEBUG_INFORMATION_FORMAT = dwarf;
				ENABLE_STRICT_OBJC_MSGSEND = YES;
				ENABLE_TESTABILITY = YES;
				GCC_C_LANGUAGE_STANDARD = gnu11;
				GCC_DYNAMIC_NO_PIC = NO;
				GCC_NO_COMMON_BLOCKS = YES;
				GCC_OPTIMIZATION_LEVEL = 0;
				GCC_PREPROCESSOR_DEFINITIONS = (
					"DEBUG=1",
					"$(inherited)",
				);
				GCC_WARN_64_TO_32_BIT_CONVERSION = YES;
				GCC_WARN_ABOUT_RETURN_TYPE = YES_ERROR;
				GCC_WARN_UNDECLARED_SELECTOR = YES;
				GCC_WARN_UNINITIALIZED_AUTOS = YES_AGGRESSIVE;
				GCC_WARN_UNUSED_FUNCTION = YES;
				GCC_WARN_UNUSED_VARIABLE = YES;
				IPHONEOS_DEPLOYMENT_TARGET = 14.4;
				MTL_ENABLE_DEBUG_INFO = INCLUDE_SOURCE;
				MTL_FAST_MATH = YES;
				ONLY_ACTIVE_ARCH = YES;
				SDKROOT = iphoneos;
				SWIFT_ACTIVE_COMPILATION_CONDITIONS = DEBUG;
				SWIFT_OPTIMIZATION_LEVEL = "-Onone";
			};
			name = Debug;
		};
		C65B475926207D300001EC9E /* Release */ = {
			isa = XCBuildConfiguration;
			buildSettings = {
				ALWAYS_SEARCH_USER_PATHS = NO;
				CLANG_ANALYZER_NONNULL = YES;
				CLANG_ANALYZER_NUMBER_OBJECT_CONVERSION = YES_AGGRESSIVE;
				CLANG_CXX_LANGUAGE_STANDARD = "gnu++14";
				CLANG_CXX_LIBRARY = "libc++";
				CLANG_ENABLE_MODULES = YES;
				CLANG_ENABLE_OBJC_ARC = YES;
				CLANG_ENABLE_OBJC_WEAK = YES;
				CLANG_WARN_BLOCK_CAPTURE_AUTORELEASING = YES;
				CLANG_WARN_BOOL_CONVERSION = YES;
				CLANG_WARN_COMMA = YES;
				CLANG_WARN_CONSTANT_CONVERSION = YES;
				CLANG_WARN_DEPRECATED_OBJC_IMPLEMENTATIONS = YES;
				CLANG_WARN_DIRECT_OBJC_ISA_USAGE = YES_ERROR;
				CLANG_WARN_DOCUMENTATION_COMMENTS = YES;
				CLANG_WARN_EMPTY_BODY = YES;
				CLANG_WARN_ENUM_CONVERSION = YES;
				CLANG_WARN_INFINITE_RECURSION = YES;
				CLANG_WARN_INT_CONVERSION = YES;
				CLANG_WARN_NON_LITERAL_NULL_CONVERSION = YES;
				CLANG_WARN_OBJC_IMPLICIT_RETAIN_SELF = YES;
				CLANG_WARN_OBJC_LITERAL_CONVERSION = YES;
				CLANG_WARN_OBJC_ROOT_CLASS = YES_ERROR;
				CLANG_WARN_QUOTED_INCLUDE_IN_FRAMEWORK_HEADER = YES;
				CLANG_WARN_RANGE_LOOP_ANALYSIS = YES;
				CLANG_WARN_STRICT_PROTOTYPES = YES;
				CLANG_WARN_SUSPICIOUS_MOVE = YES;
				CLANG_WARN_UNGUARDED_AVAILABILITY = YES_AGGRESSIVE;
				CLANG_WARN_UNREACHABLE_CODE = YES;
				CLANG_WARN__DUPLICATE_METHOD_MATCH = YES;
				COPY_PHASE_STRIP = NO;
				DEBUG_INFORMATION_FORMAT = "dwarf-with-dsym";
				ENABLE_NS_ASSERTIONS = NO;
				ENABLE_STRICT_OBJC_MSGSEND = YES;
				GCC_C_LANGUAGE_STANDARD = gnu11;
				GCC_NO_COMMON_BLOCKS = YES;
				GCC_WARN_64_TO_32_BIT_CONVERSION = YES;
				GCC_WARN_ABOUT_RETURN_TYPE = YES_ERROR;
				GCC_WARN_UNDECLARED_SELECTOR = YES;
				GCC_WARN_UNINITIALIZED_AUTOS = YES_AGGRESSIVE;
				GCC_WARN_UNUSED_FUNCTION = YES;
				GCC_WARN_UNUSED_VARIABLE = YES;
				IPHONEOS_DEPLOYMENT_TARGET = 14.4;
				MTL_ENABLE_DEBUG_INFO = NO;
				MTL_FAST_MATH = YES;
				SDKROOT = iphoneos;
				SWIFT_COMPILATION_MODE = wholemodule;
				SWIFT_OPTIMIZATION_LEVEL = "-O";
				VALIDATE_PRODUCT = YES;
			};
			name = Release;
		};
		C65B475B26207D300001EC9E /* Debug */ = {
			isa = XCBuildConfiguration;
			buildSettings = {
				ASSETCATALOG_COMPILER_APPICON_NAME = AppIcon;
				ASSETCATALOG_COMPILER_GLOBAL_ACCENT_COLOR_NAME = AccentColor;
				CODE_SIGN_STYLE = Automatic;
				INFOPLIST_FILE = COOKID/Info.plist;
				LD_RUNPATH_SEARCH_PATHS = (
					"$(inherited)",
					"@executable_path/Frameworks",
				);
				PRODUCT_BUNDLE_IDENTIFIER = leemyeonji.COOKID;
				PRODUCT_NAME = "$(TARGET_NAME)";
				SWIFT_VERSION = 5.0;
				TARGETED_DEVICE_FAMILY = "1,2";
			};
			name = Debug;
		};
		C65B475C26207D300001EC9E /* Release */ = {
			isa = XCBuildConfiguration;
			buildSettings = {
				ASSETCATALOG_COMPILER_APPICON_NAME = AppIcon;
				ASSETCATALOG_COMPILER_GLOBAL_ACCENT_COLOR_NAME = AccentColor;
				CODE_SIGN_STYLE = Automatic;
				INFOPLIST_FILE = COOKID/Info.plist;
				LD_RUNPATH_SEARCH_PATHS = (
					"$(inherited)",
					"@executable_path/Frameworks",
				);
				PRODUCT_BUNDLE_IDENTIFIER = leemyeonji.COOKID;
				PRODUCT_NAME = "$(TARGET_NAME)";
				SWIFT_VERSION = 5.0;
				TARGETED_DEVICE_FAMILY = "1,2";
			};
			name = Release;
		};
/* End XCBuildConfiguration section */

/* Begin XCConfigurationList section */
		C65B474126207D2A0001EC9E /* Build configuration list for PBXProject "COOKID" */ = {
			isa = XCConfigurationList;
			buildConfigurations = (
				C65B475826207D300001EC9E /* Debug */,
				C65B475926207D300001EC9E /* Release */,
			);
			defaultConfigurationIsVisible = 0;
			defaultConfigurationName = Release;
		};
		C65B475A26207D300001EC9E /* Build configuration list for PBXNativeTarget "COOKID" */ = {
			isa = XCConfigurationList;
			buildConfigurations = (
				C65B475B26207D300001EC9E /* Debug */,
				C65B475C26207D300001EC9E /* Release */,
			);
			defaultConfigurationIsVisible = 0;
			defaultConfigurationName = Release;
		};
/* End XCConfigurationList section */
	};
	rootObject = C65B473E26207D2A0001EC9E /* Project object */;
}
