// !$*UTF8*$!
{
	archiveVersion = 1;
	classes = {
	};
	objectVersion = 52;
	objects = {

/* Begin PBXBuildFile section */
		0322339C269212860092DD6D /* AppDelegate.swift in Sources */ = {isa = PBXBuildFile; fileRef = 0322339B269212860092DD6D /* AppDelegate.swift */; };
		0322339E269212860092DD6D /* SceneDelegate.swift in Sources */ = {isa = PBXBuildFile; fileRef = 0322339D269212860092DD6D /* SceneDelegate.swift */; };
		032233A3269212860092DD6D /* Main.storyboard in Resources */ = {isa = PBXBuildFile; fileRef = 032233A1269212860092DD6D /* Main.storyboard */; };
		032233A5269212870092DD6D /* Assets.xcassets in Resources */ = {isa = PBXBuildFile; fileRef = 032233A4269212870092DD6D /* Assets.xcassets */; };
		032233A8269212870092DD6D /* Launch.storyboard in Resources */ = {isa = PBXBuildFile; fileRef = 032233A6269212870092DD6D /* Launch.storyboard */; };
		032233BA269277520092DD6D /* Meal.swift in Sources */ = {isa = PBXBuildFile; fileRef = 032233B9269277520092DD6D /* Meal.swift */; };
		032233C726927F0C0092DD6D /* DummyData.swift in Sources */ = {isa = PBXBuildFile; fileRef = 032233C626927F0C0092DD6D /* DummyData.swift */; };
		032233CB2692A8630092DD6D /* OnboardingPageViewViewController.swift in Sources */ = {isa = PBXBuildFile; fileRef = 032233CA2692A8630092DD6D /* OnboardingPageViewViewController.swift */; };
		032233CD2692A8F70092DD6D /* FirstPageViewController.swift in Sources */ = {isa = PBXBuildFile; fileRef = 032233CC2692A8F70092DD6D /* FirstPageViewController.swift */; };
		032233CF2692A90B0092DD6D /* SecondPageViewController.swift in Sources */ = {isa = PBXBuildFile; fileRef = 032233CE2692A90B0092DD6D /* SecondPageViewController.swift */; };
		032233D12692A91A0092DD6D /* ThirdPageViewController.swift in Sources */ = {isa = PBXBuildFile; fileRef = 032233D02692A91A0092DD6D /* ThirdPageViewController.swift */; };
		032233D32692A94D0092DD6D /* FourthPageViewController.swift in Sources */ = {isa = PBXBuildFile; fileRef = 032233D22692A94D0092DD6D /* FourthPageViewController.swift */; };
		032233D72692F0160092DD6D /* Extension.swift in Sources */ = {isa = PBXBuildFile; fileRef = 032233D62692F0160092DD6D /* Extension.swift */; };
		032233D92692F8ED0092DD6D /* OnboardingViewModel.swift in Sources */ = {isa = PBXBuildFile; fileRef = 032233D82692F8ED0092DD6D /* OnboardingViewModel.swift */; };
		032233DE2693057C0092DD6D /* User.swift in Sources */ = {isa = PBXBuildFile; fileRef = 032233DD2693057C0092DD6D /* User.swift */; };
		032233E926934F180092DD6D /* Protocol.swift in Sources */ = {isa = PBXBuildFile; fileRef = 032233E826934F180092DD6D /* Protocol.swift */; };
		0339575126A2C96100594515 /* boardingImage in Resources */ = {isa = PBXBuildFile; fileRef = 0339575026A2C96100594515 /* boardingImage */; };
		0348B8FC26D34463001BF3B7 /* Shopping.swift in Sources */ = {isa = PBXBuildFile; fileRef = 0348B8FB26D34463001BF3B7 /* Shopping.swift */; };
		0348B8FE26D34E18001BF3B7 /* MainSectionModel.swift in Sources */ = {isa = PBXBuildFile; fileRef = 0348B8FD26D34E18001BF3B7 /* MainSectionModel.swift */; };
		0348B90226D3D99A001BF3B7 /* ShoppingCollectionViewCell.swift in Sources */ = {isa = PBXBuildFile; fileRef = 0348B90126D3D99A001BF3B7 /* ShoppingCollectionViewCell.swift */; };
		0348B90926D542EF001BF3B7 /* GoogleService-Info.plist in Resources */ = {isa = PBXBuildFile; fileRef = 0348B90826D542EF001BF3B7 /* GoogleService-Info.plist */; };
		03586EAF26E4FD6A002A56C6 /* SignInViewController.swift in Sources */ = {isa = PBXBuildFile; fileRef = 03586EAE26E4FD6A002A56C6 /* SignInViewController.swift */; };
		035E491D26956F92002CC084 /* MealTableViewCell.swift in Sources */ = {isa = PBXBuildFile; fileRef = 035E491C26956F92002CC084 /* MealTableViewCell.swift */; };
		035E4921269597D4002CC084 /* MealTimeCollectionViewCell.swift in Sources */ = {isa = PBXBuildFile; fileRef = 035E4920269597D4002CC084 /* MealTimeCollectionViewCell.swift */; };
		035E4923269681A0002CC084 /* CustomProgressCircleView.swift in Sources */ = {isa = PBXBuildFile; fileRef = 035E4922269681A0002CC084 /* CustomProgressCircleView.swift */; };
		035E492726975815002CC084 /* MainViewModel.swift in Sources */ = {isa = PBXBuildFile; fileRef = 035E492626975815002CC084 /* MainViewModel.swift */; };
		035E492926976B85002CC084 /* MealDayCollectionViewCell.swift in Sources */ = {isa = PBXBuildFile; fileRef = 035E492826976B85002CC084 /* MealDayCollectionViewCell.swift */; };
		035E492B26987CFB002CC084 /* SelectCalendarViewController.swift in Sources */ = {isa = PBXBuildFile; fileRef = 035E492A26987CFB002CC084 /* SelectCalendarViewController.swift */; };
		0380E3EC27045A00007F8AA5 /* RemoteUser.swift in Sources */ = {isa = PBXBuildFile; fileRef = 0380E3EB27045A00007F8AA5 /* RemoteUser.swift */; };
		0380E3F02704A86B007F8AA5 /* ViewTest.swift in Sources */ = {isa = PBXBuildFile; fileRef = 0380E3EF2704A86B007F8AA5 /* ViewTest.swift */; };
		0380E3F22705A957007F8AA5 /* FirebaseFirestore in Frameworks */ = {isa = PBXBuildFile; productRef = 0380E3F12705A957007F8AA5 /* FirebaseFirestore */; };
		0380E3F42705A957007F8AA5 /* FirebaseFirestoreSwift-Beta in Frameworks */ = {isa = PBXBuildFile; productRef = 0380E3F32705A957007F8AA5 /* FirebaseFirestoreSwift-Beta */; };
		038875B126A030F300D5D202 /* MainViewController.swift in Sources */ = {isa = PBXBuildFile; fileRef = 032233B7269276DB0092DD6D /* MainViewController.swift */; };
		0395B61826943B30009289B7 /* CustomProgressBar.swift in Sources */ = {isa = PBXBuildFile; fileRef = 0395B61726943B30009289B7 /* CustomProgressBar.swift */; };
		0395F6ED26B805360091BB29 /* AddMealViewController.swift in Sources */ = {isa = PBXBuildFile; fileRef = 0395F6EC26B805360091BB29 /* AddMealViewController.swift */; };
		0395F6EF26B805A10091BB29 /* AddMealViewModel.swift in Sources */ = {isa = PBXBuildFile; fileRef = 0395F6EE26B805A10091BB29 /* AddMealViewModel.swift */; };
		0398E16B26FB3E6000E98F77 /* CommentViewController.swift in Sources */ = {isa = PBXBuildFile; fileRef = 0398E16A26FB3E6000E98F77 /* CommentViewController.swift */; };
		0398E16D26FB3EA500E98F77 /* CommentSectionView.swift in Sources */ = {isa = PBXBuildFile; fileRef = 0398E16C26FB3EA500E98F77 /* CommentSectionView.swift */; };
		03A943652705FC03009B5F09 /* Pods_Cookid.framework in Frameworks */ = {isa = PBXBuildFile; fileRef = 03A943642705FC03009B5F09 /* Pods_Cookid.framework */; };
		03A943662705FC03009B5F09 /* Pods_Cookid.framework in Embed Frameworks */ = {isa = PBXBuildFile; fileRef = 03A943642705FC03009B5F09 /* Pods_Cookid.framework */; settings = {ATTRIBUTES = (CodeSignOnCopy, RemoveHeadersOnCopy, ); }; };
		03B2048A26D5D8AE0099C269 /* AddShoppingViewController.swift in Sources */ = {isa = PBXBuildFile; fileRef = 03B2048926D5D8AE0099C269 /* AddShoppingViewController.swift */; };
		03B2048D26D5D9440099C269 /* AddShoppingViewModel.swift in Sources */ = {isa = PBXBuildFile; fileRef = 03B2048C26D5D9440099C269 /* AddShoppingViewModel.swift */; };
		03B2049326D737FD0099C269 /* UserInformationViewController.swift in Sources */ = {isa = PBXBuildFile; fileRef = DB1982EC269BF3660055742B /* UserInformationViewController.swift */; };
		03B2049526D75DD50099C269 /* PictureSelectViewController.swift in Sources */ = {isa = PBXBuildFile; fileRef = 03B2049426D75DD50099C269 /* PictureSelectViewController.swift */; };
		03B2049726D75E7E0099C269 /* PictureSelectCollectionViewCell.swift in Sources */ = {isa = PBXBuildFile; fileRef = 03B2049626D75E7E0099C269 /* PictureSelectCollectionViewCell.swift */; };
		03B2049926D7B8AC0099C269 /* Menu.swift in Sources */ = {isa = PBXBuildFile; fileRef = 03B2049826D7B8AC0099C269 /* Menu.swift */; };
		03B2049B26D7BA830099C269 /* MenuService.swift in Sources */ = {isa = PBXBuildFile; fileRef = 03B2049A26D7BA830099C269 /* MenuService.swift */; };
		03D3045D26FDE2F300042CB7 /* AddPostReactor.swift in Sources */ = {isa = PBXBuildFile; fileRef = 03D3045C26FDE2F300042CB7 /* AddPostReactor.swift */; };
		03D3046426FDE8BE00042CB7 /* AddPostImageCollectionViewCell.swift in Sources */ = {isa = PBXBuildFile; fileRef = 03D3046326FDE8BE00042CB7 /* AddPostImageCollectionViewCell.swift */; };
		03D3046626FDF12600042CB7 /* ReactorTests.swift in Sources */ = {isa = PBXBuildFile; fileRef = 03D3046526FDF12600042CB7 /* ReactorTests.swift */; };
		03D3046826FDFA7D00042CB7 /* AddPostCollectionReusableView.swift in Sources */ = {isa = PBXBuildFile; fileRef = 03D3046726FDFA7D00042CB7 /* AddPostCollectionReusableView.swift */; };
		03D8C1CF26E7A7F600238CB6 /* MyPageDetailViewController.swift in Sources */ = {isa = PBXBuildFile; fileRef = 03D8C1CE26E7A7F600238CB6 /* MyPageDetailViewController.swift */; };
		03D8C1E126E852CD00238CB6 /* MyMealsViewController.swift in Sources */ = {isa = PBXBuildFile; fileRef = 03D8C1E026E852CD00238CB6 /* MyMealsViewController.swift */; };
		03D8C1E326E852D600238CB6 /* MyRecipesViewController.swift in Sources */ = {isa = PBXBuildFile; fileRef = 03D8C1E226E852D600238CB6 /* MyRecipesViewController.swift */; };
		03D8C1E726E8927700238CB6 /* MyMealsCollectionViewCell.swift in Sources */ = {isa = PBXBuildFile; fileRef = 03D8C1E626E8927700238CB6 /* MyMealsCollectionViewCell.swift */; };
		03D8C1E926EA52BB00238CB6 /* MyPostsViewController.swift in Sources */ = {isa = PBXBuildFile; fileRef = 03D8C1E826EA52BB00238CB6 /* MyPostsViewController.swift */; };
		03D8C1EB26EA539300238CB6 /* MyPostTableViewCell.swift in Sources */ = {isa = PBXBuildFile; fileRef = 03D8C1EA26EA539300238CB6 /* MyPostTableViewCell.swift */; };
		03D8C1EF26EB6D8C00238CB6 /* FirestorePostRepo.swift in Sources */ = {isa = PBXBuildFile; fileRef = 03D8C1EE26EB6D8C00238CB6 /* FirestorePostRepo.swift */; };
		03D8C1F126EB6FD600238CB6 /* Post.swift in Sources */ = {isa = PBXBuildFile; fileRef = 03D8C1F026EB6FD600238CB6 /* Post.swift */; };
		03D8C1F326EB7E0500238CB6 /* Comment.swift in Sources */ = {isa = PBXBuildFile; fileRef = 03D8C1F226EB7E0500238CB6 /* Comment.swift */; };
		03D8C1F626EBB85200238CB6 /* RemotePost.swift in Sources */ = {isa = PBXBuildFile; fileRef = 03D8C1F526EBB85200238CB6 /* RemotePost.swift */; };
		03D8C1F826EBB85F00238CB6 /* RemoteComment.swift in Sources */ = {isa = PBXBuildFile; fileRef = 03D8C1F726EBB85F00238CB6 /* RemoteComment.swift */; };
		03D8C1FB26EBB92A00238CB6 /* FirebaseStorageRepo.swift in Sources */ = {isa = PBXBuildFile; fileRef = 03D8C1FA26EBB92A00238CB6 /* FirebaseStorageRepo.swift */; };
		03D8C1FD26EBBC9800238CB6 /* PostService.swift in Sources */ = {isa = PBXBuildFile; fileRef = 03D8C1FC26EBBC9800238CB6 /* PostService.swift */; };
		03E42EB826C412A8005D7B5E /* CookidTests.swift in Sources */ = {isa = PBXBuildFile; fileRef = 03E42EB726C412A8005D7B5E /* CookidTests.swift */; };
		03E42ED126C41766005D7B5E /* AppCoordinator.swift in Sources */ = {isa = PBXBuildFile; fileRef = 03E42ED026C41766005D7B5E /* AppCoordinator.swift */; };
		03E42ED326C41D54005D7B5E /* HomeCoordinator.swift in Sources */ = {isa = PBXBuildFile; fileRef = 03E42ED226C41D54005D7B5E /* HomeCoordinator.swift */; };
		03E42ED626C4DBD1005D7B5E /* RankingMainViewController.swift in Sources */ = {isa = PBXBuildFile; fileRef = 03E42ED526C4DBD1005D7B5E /* RankingMainViewController.swift */; };
		03E42ED826C4DD2B005D7B5E /* RankingViewModel.swift in Sources */ = {isa = PBXBuildFile; fileRef = 03E42ED726C4DD2B005D7B5E /* RankingViewModel.swift */; };
		03E42EDA26C4E22F005D7B5E /* OnboardingCoordinator.swift in Sources */ = {isa = PBXBuildFile; fileRef = 03E42ED926C4E22F005D7B5E /* OnboardingCoordinator.swift */; };
		03E42EDD26C50968005D7B5E /* RankingHeaderView.swift in Sources */ = {isa = PBXBuildFile; fileRef = 03E42EDC26C50968005D7B5E /* RankingHeaderView.swift */; };
		03E42EDF26C76829005D7B5E /* RankingTableViewCell.swift in Sources */ = {isa = PBXBuildFile; fileRef = 03E42EDE26C76829005D7B5E /* RankingTableViewCell.swift */; };
		03F2ED6226ED048300CFE87C /* AuthRepo.swift in Sources */ = {isa = PBXBuildFile; fileRef = 03F2ED6126ED048300CFE87C /* AuthRepo.swift */; };
		03F2ED6426ED906C00CFE87C /* Post.storyboard in Resources */ = {isa = PBXBuildFile; fileRef = 03F2ED6326ED906C00CFE87C /* Post.storyboard */; };
		03F2ED6A26ED914B00CFE87C /* PostTableViewCell.swift in Sources */ = {isa = PBXBuildFile; fileRef = 03F2ED6926ED914B00CFE87C /* PostTableViewCell.swift */; };
		03F2ED6C26ED916900CFE87C /* PostHeaderView.swift in Sources */ = {isa = PBXBuildFile; fileRef = 03F2ED6B26ED916900CFE87C /* PostHeaderView.swift */; };
		03F2ED7026ED929300CFE87C /* PostMainViewController.swift in Sources */ = {isa = PBXBuildFile; fileRef = 03F2ED6F26ED929300CFE87C /* PostMainViewController.swift */; };
		03F2ED7326ED92D500CFE87C /* PostViewModel.swift in Sources */ = {isa = PBXBuildFile; fileRef = 03F2ED7226ED92D500CFE87C /* PostViewModel.swift */; };
		03F2ED7526EDD23A00CFE87C /* PostUserView.swift in Sources */ = {isa = PBXBuildFile; fileRef = 03F2ED7426EDD23A00CFE87C /* PostUserView.swift */; };
		03F2ED7B26EDD70000CFE87C /* PostImageCollectionViewCell.swift in Sources */ = {isa = PBXBuildFile; fileRef = 03F2ED7A26EDD70000CFE87C /* PostImageCollectionViewCell.swift */; };
		03F2ED7D26EDDC1400CFE87C /* AddPostViewController.swift in Sources */ = {isa = PBXBuildFile; fileRef = 03F2ED7C26EDDC1400CFE87C /* AddPostViewController.swift */; };
		03F2ED8226EF537E00CFE87C /* Realm in Frameworks */ = {isa = PBXBuildFile; productRef = 03F2ED8126EF537E00CFE87C /* Realm */; };
		03F2ED8426EF537E00CFE87C /* RealmSwift in Frameworks */ = {isa = PBXBuildFile; productRef = 03F2ED8326EF537E00CFE87C /* RealmSwift */; };
		03F2ED8626F0343E00CFE87C /* CommentService.swift in Sources */ = {isa = PBXBuildFile; fileRef = 03F2ED8526F0343E00CFE87C /* CommentService.swift */; };
		03F2ED8826F04D6200CFE87C /* PostCellViewModel.swift in Sources */ = {isa = PBXBuildFile; fileRef = 03F2ED8726F04D6100CFE87C /* PostCellViewModel.swift */; };
		03F2ED8A26F06BC300CFE87C /* FirestoreCommentRepo.swift in Sources */ = {isa = PBXBuildFile; fileRef = 03F2ED8926F06BC300CFE87C /* FirestoreCommentRepo.swift */; };
		03F2ED8C26F17D2D00CFE87C /* PostCustomButton.swift in Sources */ = {isa = PBXBuildFile; fileRef = 03F2ED8B26F17D2C00CFE87C /* PostCustomButton.swift */; };
		03F2ED9026F3886700CFE87C /* PostCoordinator.swift in Sources */ = {isa = PBXBuildFile; fileRef = 03F2ED8F26F3886700CFE87C /* PostCoordinator.swift */; };
		03F2ED9226F38D7C00CFE87C /* MainCoordinator.swift in Sources */ = {isa = PBXBuildFile; fileRef = 03F2ED9126F38D7C00CFE87C /* MainCoordinator.swift */; };
		03F2ED9426F3916500CFE87C /* MyPageCoordinator.swift in Sources */ = {isa = PBXBuildFile; fileRef = 03F2ED9326F3916500CFE87C /* MyPageCoordinator.swift */; };
		03F2ED9626FA20A900CFE87C /* CommentReactor.swift in Sources */ = {isa = PBXBuildFile; fileRef = 03F2ED9526FA20A800CFE87C /* CommentReactor.swift */; };
		241523B0269D093E0077941A /* ShoppingService.swift in Sources */ = {isa = PBXBuildFile; fileRef = 241523AF269D093E0077941A /* ShoppingService.swift */; };
		241523B4269D24860077941A /* Function.swift in Sources */ = {isa = PBXBuildFile; fileRef = 241523B3269D24860077941A /* Function.swift */; };
		2417EAAE26E58CAB006F2785 /* MyPageViewController.swift in Sources */ = {isa = PBXBuildFile; fileRef = 2417EAAD26E58CAB006F2785 /* MyPageViewController.swift */; };
		2417EAB626E58D0C006F2785 /* MyPageViewModel.swift in Sources */ = {isa = PBXBuildFile; fileRef = 2417EAB526E58D0C006F2785 /* MyPageViewModel.swift */; };
		2417EABC26E5A562006F2785 /* MyPageHeaderView.swift in Sources */ = {isa = PBXBuildFile; fileRef = 2417EABB26E5A562006F2785 /* MyPageHeaderView.swift */; };
		244B2B0826E24062001226F0 /* ImageRepo.swift in Sources */ = {isa = PBXBuildFile; fileRef = 244B2B0726E24062001226F0 /* ImageRepo.swift */; };
		244B2B1126E4A0DB001226F0 /* FirestoreUserRepo.swift in Sources */ = {isa = PBXBuildFile; fileRef = 244B2B1026E4A0DB001226F0 /* FirestoreUserRepo.swift */; };
		24B081B126DFD21300379087 /* RealmUserRepo.swift in Sources */ = {isa = PBXBuildFile; fileRef = 24B081B026DFD21300379087 /* RealmUserRepo.swift */; };
		24B081BA26DFD23500379087 /* LocalUser.swift in Sources */ = {isa = PBXBuildFile; fileRef = 24B081B926DFD23500379087 /* LocalUser.swift */; };
		24B081BF26E0473500379087 /* LocalMeal.swift in Sources */ = {isa = PBXBuildFile; fileRef = 24B081BE26E0473500379087 /* LocalMeal.swift */; };
		24B081C426E0473F00379087 /* LocalShopping.swift in Sources */ = {isa = PBXBuildFile; fileRef = 24B081C326E0473F00379087 /* LocalShopping.swift */; };
		24B081CC26E10F7B00379087 /* RealmMealRepo.swift in Sources */ = {isa = PBXBuildFile; fileRef = 24B081CB26E10F7B00379087 /* RealmMealRepo.swift */; };
		24B081D126E10F8900379087 /* RealmShoppingRepo.swift in Sources */ = {isa = PBXBuildFile; fileRef = 24B081D026E10F8900379087 /* RealmShoppingRepo.swift */; };
		24BA287726F8E85F005D344E /* CommentTableViewCell.swift in Sources */ = {isa = PBXBuildFile; fileRef = 24BA287626F8E85F005D344E /* CommentTableViewCell.swift */; };
		24C86C6C26FF6F8000E84477 /* AddPostImageCollectionViewController.swift in Sources */ = {isa = PBXBuildFile; fileRef = 24C86C6B26FF6F7F00E84477 /* AddPostImageCollectionViewController.swift */; };
		B254AC1C10960A5F525656B8 /* Pods_CookidTests.framework in Frameworks */ = {isa = PBXBuildFile; fileRef = F2CFE3186FE4C8D4D4C424A8 /* Pods_CookidTests.framework */; };
		C67441D62696FA530086CBAD /* MealService.swift in Sources */ = {isa = PBXBuildFile; fileRef = DB0D7D7326949818009B2D51 /* MealService.swift */; };
		C6BFF45E26949A1E006295F5 /* FirebaseStorage in Frameworks */ = {isa = PBXBuildFile; productRef = C6BFF45D26949A1E006295F5 /* FirebaseStorage */; };
		C6BFF46226949AA7006295F5 /* Constant.swift in Sources */ = {isa = PBXBuildFile; fileRef = C6BFF46126949AA7006295F5 /* Constant.swift */; };
		DB1982EF269BF7D30055742B /* UserInfo.storyboard in Resources */ = {isa = PBXBuildFile; fileRef = DB1982EE269BF7D30055742B /* UserInfo.storyboard */; };
		DB61715226C9577B008F497C /* NotificationManager.swift in Sources */ = {isa = PBXBuildFile; fileRef = DB61715126C9577B008F497C /* NotificationManager.swift */; };
		DBDA046826969A6500B5C1D6 /* UserService.swift in Sources */ = {isa = PBXBuildFile; fileRef = DBDA046726969A6500B5C1D6 /* UserService.swift */; };
		DBED6A3A269E7B4B0020A774 /* UserInfoUpdateViewModel.swift in Sources */ = {isa = PBXBuildFile; fileRef = DBED6A39269E7B4B0020A774 /* UserInfoUpdateViewModel.swift */; };
/* End PBXBuildFile section */

/* Begin PBXContainerItemProxy section */
		03E42EBA26C412A8005D7B5E /* PBXContainerItemProxy */ = {
			isa = PBXContainerItemProxy;
			containerPortal = 03223390269212860092DD6D /* Project object */;
			proxyType = 1;
			remoteGlobalIDString = 03223397269212860092DD6D;
			remoteInfo = Cookid;
		};
/* End PBXContainerItemProxy section */

/* Begin PBXCopyFilesBuildPhase section */
		03A943672705FC03009B5F09 /* Embed Frameworks */ = {
			isa = PBXCopyFilesBuildPhase;
			buildActionMask = 2147483647;
			dstPath = "";
			dstSubfolderSpec = 10;
			files = (
				03A943662705FC03009B5F09 /* Pods_Cookid.framework in Embed Frameworks */,
			);
			name = "Embed Frameworks";
			runOnlyForDeploymentPostprocessing = 0;
		};
/* End PBXCopyFilesBuildPhase section */

/* Begin PBXFileReference section */
		03223398269212860092DD6D /* Cookid.app */ = {isa = PBXFileReference; explicitFileType = wrapper.application; includeInIndex = 0; path = Cookid.app; sourceTree = BUILT_PRODUCTS_DIR; };
		0322339B269212860092DD6D /* AppDelegate.swift */ = {isa = PBXFileReference; lastKnownFileType = sourcecode.swift; path = AppDelegate.swift; sourceTree = "<group>"; };
		0322339D269212860092DD6D /* SceneDelegate.swift */ = {isa = PBXFileReference; lastKnownFileType = sourcecode.swift; path = SceneDelegate.swift; sourceTree = "<group>"; };
		032233A2269212860092DD6D /* Base */ = {isa = PBXFileReference; lastKnownFileType = file.storyboard; name = Base; path = Base.lproj/Main.storyboard; sourceTree = "<group>"; };
		032233A4269212870092DD6D /* Assets.xcassets */ = {isa = PBXFileReference; lastKnownFileType = folder.assetcatalog; path = Assets.xcassets; sourceTree = "<group>"; };
		032233A7269212870092DD6D /* Base */ = {isa = PBXFileReference; lastKnownFileType = file.storyboard; name = Base; path = Base.lproj/Launch.storyboard; sourceTree = "<group>"; };
		032233A9269212870092DD6D /* Info.plist */ = {isa = PBXFileReference; lastKnownFileType = text.plist.xml; path = Info.plist; sourceTree = "<group>"; };
		032233B7269276DB0092DD6D /* MainViewController.swift */ = {isa = PBXFileReference; lastKnownFileType = sourcecode.swift; path = MainViewController.swift; sourceTree = "<group>"; };
		032233B9269277520092DD6D /* Meal.swift */ = {isa = PBXFileReference; lastKnownFileType = sourcecode.swift; path = Meal.swift; sourceTree = "<group>"; };
		032233C626927F0C0092DD6D /* DummyData.swift */ = {isa = PBXFileReference; lastKnownFileType = sourcecode.swift; path = DummyData.swift; sourceTree = "<group>"; };
		032233CA2692A8630092DD6D /* OnboardingPageViewViewController.swift */ = {isa = PBXFileReference; lastKnownFileType = sourcecode.swift; path = OnboardingPageViewViewController.swift; sourceTree = "<group>"; };
		032233CC2692A8F70092DD6D /* FirstPageViewController.swift */ = {isa = PBXFileReference; lastKnownFileType = sourcecode.swift; path = FirstPageViewController.swift; sourceTree = "<group>"; };
		032233CE2692A90B0092DD6D /* SecondPageViewController.swift */ = {isa = PBXFileReference; lastKnownFileType = sourcecode.swift; path = SecondPageViewController.swift; sourceTree = "<group>"; };
		032233D02692A91A0092DD6D /* ThirdPageViewController.swift */ = {isa = PBXFileReference; lastKnownFileType = sourcecode.swift; path = ThirdPageViewController.swift; sourceTree = "<group>"; };
		032233D22692A94D0092DD6D /* FourthPageViewController.swift */ = {isa = PBXFileReference; lastKnownFileType = sourcecode.swift; path = FourthPageViewController.swift; sourceTree = "<group>"; };
		032233D62692F0160092DD6D /* Extension.swift */ = {isa = PBXFileReference; lastKnownFileType = sourcecode.swift; path = Extension.swift; sourceTree = "<group>"; };
		032233D82692F8ED0092DD6D /* OnboardingViewModel.swift */ = {isa = PBXFileReference; lastKnownFileType = sourcecode.swift; path = OnboardingViewModel.swift; sourceTree = "<group>"; };
		032233DD2693057C0092DD6D /* User.swift */ = {isa = PBXFileReference; lastKnownFileType = sourcecode.swift; path = User.swift; sourceTree = "<group>"; };
		032233E826934F180092DD6D /* Protocol.swift */ = {isa = PBXFileReference; lastKnownFileType = sourcecode.swift; path = Protocol.swift; sourceTree = "<group>"; };
		0339575026A2C96100594515 /* boardingImage */ = {isa = PBXFileReference; lastKnownFileType = file; path = boardingImage; sourceTree = "<group>"; };
		0348B8FB26D34463001BF3B7 /* Shopping.swift */ = {isa = PBXFileReference; lastKnownFileType = sourcecode.swift; path = Shopping.swift; sourceTree = "<group>"; };
		0348B8FD26D34E18001BF3B7 /* MainSectionModel.swift */ = {isa = PBXFileReference; lastKnownFileType = sourcecode.swift; path = MainSectionModel.swift; sourceTree = "<group>"; };
		0348B90126D3D99A001BF3B7 /* ShoppingCollectionViewCell.swift */ = {isa = PBXFileReference; lastKnownFileType = sourcecode.swift; path = ShoppingCollectionViewCell.swift; sourceTree = "<group>"; };
		0348B90826D542EF001BF3B7 /* GoogleService-Info.plist */ = {isa = PBXFileReference; fileEncoding = 4; lastKnownFileType = text.plist.xml; path = "GoogleService-Info.plist"; sourceTree = "<group>"; };
		03586EAE26E4FD6A002A56C6 /* SignInViewController.swift */ = {isa = PBXFileReference; lastKnownFileType = sourcecode.swift; path = SignInViewController.swift; sourceTree = "<group>"; };
		035E491C26956F92002CC084 /* MealTableViewCell.swift */ = {isa = PBXFileReference; lastKnownFileType = sourcecode.swift; path = MealTableViewCell.swift; sourceTree = "<group>"; };
		035E4920269597D4002CC084 /* MealTimeCollectionViewCell.swift */ = {isa = PBXFileReference; lastKnownFileType = sourcecode.swift; path = MealTimeCollectionViewCell.swift; sourceTree = "<group>"; };
		035E4922269681A0002CC084 /* CustomProgressCircleView.swift */ = {isa = PBXFileReference; lastKnownFileType = sourcecode.swift; path = CustomProgressCircleView.swift; sourceTree = "<group>"; };
		035E492626975815002CC084 /* MainViewModel.swift */ = {isa = PBXFileReference; lastKnownFileType = sourcecode.swift; path = MainViewModel.swift; sourceTree = "<group>"; };
		035E492826976B85002CC084 /* MealDayCollectionViewCell.swift */ = {isa = PBXFileReference; lastKnownFileType = sourcecode.swift; path = MealDayCollectionViewCell.swift; sourceTree = "<group>"; };
		035E492A26987CFB002CC084 /* SelectCalendarViewController.swift */ = {isa = PBXFileReference; lastKnownFileType = sourcecode.swift; path = SelectCalendarViewController.swift; sourceTree = "<group>"; };
		0380E3EB27045A00007F8AA5 /* RemoteUser.swift */ = {isa = PBXFileReference; lastKnownFileType = sourcecode.swift; path = RemoteUser.swift; sourceTree = "<group>"; };
		0380E3EF2704A86B007F8AA5 /* ViewTest.swift */ = {isa = PBXFileReference; lastKnownFileType = sourcecode.swift; path = ViewTest.swift; sourceTree = "<group>"; };
		0395B61726943B30009289B7 /* CustomProgressBar.swift */ = {isa = PBXFileReference; lastKnownFileType = sourcecode.swift; path = CustomProgressBar.swift; sourceTree = "<group>"; };
		0395F6EC26B805360091BB29 /* AddMealViewController.swift */ = {isa = PBXFileReference; lastKnownFileType = sourcecode.swift; path = AddMealViewController.swift; sourceTree = "<group>"; };
		0395F6EE26B805A10091BB29 /* AddMealViewModel.swift */ = {isa = PBXFileReference; lastKnownFileType = sourcecode.swift; path = AddMealViewModel.swift; sourceTree = "<group>"; };
		0398E16A26FB3E6000E98F77 /* CommentViewController.swift */ = {isa = PBXFileReference; lastKnownFileType = sourcecode.swift; path = CommentViewController.swift; sourceTree = "<group>"; };
		0398E16C26FB3EA500E98F77 /* CommentSectionView.swift */ = {isa = PBXFileReference; lastKnownFileType = sourcecode.swift; path = CommentSectionView.swift; sourceTree = "<group>"; };
		03A943642705FC03009B5F09 /* Pods_Cookid.framework */ = {isa = PBXFileReference; explicitFileType = wrapper.framework; path = Pods_Cookid.framework; sourceTree = BUILT_PRODUCTS_DIR; };
		03B2048926D5D8AE0099C269 /* AddShoppingViewController.swift */ = {isa = PBXFileReference; lastKnownFileType = sourcecode.swift; path = AddShoppingViewController.swift; sourceTree = "<group>"; };
		03B2048C26D5D9440099C269 /* AddShoppingViewModel.swift */ = {isa = PBXFileReference; lastKnownFileType = sourcecode.swift; path = AddShoppingViewModel.swift; sourceTree = "<group>"; };
		03B2049426D75DD50099C269 /* PictureSelectViewController.swift */ = {isa = PBXFileReference; lastKnownFileType = sourcecode.swift; path = PictureSelectViewController.swift; sourceTree = "<group>"; };
		03B2049626D75E7E0099C269 /* PictureSelectCollectionViewCell.swift */ = {isa = PBXFileReference; lastKnownFileType = sourcecode.swift; path = PictureSelectCollectionViewCell.swift; sourceTree = "<group>"; };
		03B2049826D7B8AC0099C269 /* Menu.swift */ = {isa = PBXFileReference; lastKnownFileType = sourcecode.swift; path = Menu.swift; sourceTree = "<group>"; };
		03B2049A26D7BA830099C269 /* MenuService.swift */ = {isa = PBXFileReference; lastKnownFileType = sourcecode.swift; path = MenuService.swift; sourceTree = "<group>"; };
		03D3045C26FDE2F300042CB7 /* AddPostReactor.swift */ = {isa = PBXFileReference; lastKnownFileType = sourcecode.swift; path = AddPostReactor.swift; sourceTree = "<group>"; };
		03D3046326FDE8BE00042CB7 /* AddPostImageCollectionViewCell.swift */ = {isa = PBXFileReference; lastKnownFileType = sourcecode.swift; path = AddPostImageCollectionViewCell.swift; sourceTree = "<group>"; };
		03D3046526FDF12600042CB7 /* ReactorTests.swift */ = {isa = PBXFileReference; lastKnownFileType = sourcecode.swift; path = ReactorTests.swift; sourceTree = "<group>"; };
		03D3046726FDFA7D00042CB7 /* AddPostCollectionReusableView.swift */ = {isa = PBXFileReference; lastKnownFileType = sourcecode.swift; path = AddPostCollectionReusableView.swift; sourceTree = "<group>"; };
		03D8C1CE26E7A7F600238CB6 /* MyPageDetailViewController.swift */ = {isa = PBXFileReference; lastKnownFileType = sourcecode.swift; path = MyPageDetailViewController.swift; sourceTree = "<group>"; };
		03D8C1E026E852CD00238CB6 /* MyMealsViewController.swift */ = {isa = PBXFileReference; lastKnownFileType = sourcecode.swift; path = MyMealsViewController.swift; sourceTree = "<group>"; };
		03D8C1E226E852D600238CB6 /* MyRecipesViewController.swift */ = {isa = PBXFileReference; lastKnownFileType = sourcecode.swift; path = MyRecipesViewController.swift; sourceTree = "<group>"; };
		03D8C1E626E8927700238CB6 /* MyMealsCollectionViewCell.swift */ = {isa = PBXFileReference; lastKnownFileType = sourcecode.swift; path = MyMealsCollectionViewCell.swift; sourceTree = "<group>"; };
		03D8C1E826EA52BB00238CB6 /* MyPostsViewController.swift */ = {isa = PBXFileReference; lastKnownFileType = sourcecode.swift; path = MyPostsViewController.swift; sourceTree = "<group>"; };
		03D8C1EA26EA539300238CB6 /* MyPostTableViewCell.swift */ = {isa = PBXFileReference; lastKnownFileType = sourcecode.swift; path = MyPostTableViewCell.swift; sourceTree = "<group>"; };
		03D8C1EE26EB6D8C00238CB6 /* FirestorePostRepo.swift */ = {isa = PBXFileReference; lastKnownFileType = sourcecode.swift; path = FirestorePostRepo.swift; sourceTree = "<group>"; };
		03D8C1F026EB6FD600238CB6 /* Post.swift */ = {isa = PBXFileReference; lastKnownFileType = sourcecode.swift; path = Post.swift; sourceTree = "<group>"; };
		03D8C1F226EB7E0500238CB6 /* Comment.swift */ = {isa = PBXFileReference; lastKnownFileType = sourcecode.swift; path = Comment.swift; sourceTree = "<group>"; };
		03D8C1F526EBB85200238CB6 /* RemotePost.swift */ = {isa = PBXFileReference; lastKnownFileType = sourcecode.swift; path = RemotePost.swift; sourceTree = "<group>"; };
		03D8C1F726EBB85F00238CB6 /* RemoteComment.swift */ = {isa = PBXFileReference; lastKnownFileType = sourcecode.swift; path = RemoteComment.swift; sourceTree = "<group>"; };
		03D8C1FA26EBB92A00238CB6 /* FirebaseStorageRepo.swift */ = {isa = PBXFileReference; lastKnownFileType = sourcecode.swift; path = FirebaseStorageRepo.swift; sourceTree = "<group>"; };
		03D8C1FC26EBBC9800238CB6 /* PostService.swift */ = {isa = PBXFileReference; lastKnownFileType = sourcecode.swift; path = PostService.swift; sourceTree = "<group>"; };
		03E42EB526C412A7005D7B5E /* CookidTests.xctest */ = {isa = PBXFileReference; explicitFileType = wrapper.cfbundle; includeInIndex = 0; path = CookidTests.xctest; sourceTree = BUILT_PRODUCTS_DIR; };
		03E42EB726C412A8005D7B5E /* CookidTests.swift */ = {isa = PBXFileReference; lastKnownFileType = sourcecode.swift; path = CookidTests.swift; sourceTree = "<group>"; };
		03E42EB926C412A8005D7B5E /* Info.plist */ = {isa = PBXFileReference; lastKnownFileType = text.plist.xml; path = Info.plist; sourceTree = "<group>"; };
		03E42ED026C41766005D7B5E /* AppCoordinator.swift */ = {isa = PBXFileReference; lastKnownFileType = sourcecode.swift; path = AppCoordinator.swift; sourceTree = "<group>"; };
		03E42ED226C41D54005D7B5E /* HomeCoordinator.swift */ = {isa = PBXFileReference; lastKnownFileType = sourcecode.swift; path = HomeCoordinator.swift; sourceTree = "<group>"; };
		03E42ED526C4DBD1005D7B5E /* RankingMainViewController.swift */ = {isa = PBXFileReference; lastKnownFileType = sourcecode.swift; path = RankingMainViewController.swift; sourceTree = "<group>"; };
		03E42ED726C4DD2B005D7B5E /* RankingViewModel.swift */ = {isa = PBXFileReference; lastKnownFileType = sourcecode.swift; path = RankingViewModel.swift; sourceTree = "<group>"; };
		03E42ED926C4E22F005D7B5E /* OnboardingCoordinator.swift */ = {isa = PBXFileReference; lastKnownFileType = sourcecode.swift; path = OnboardingCoordinator.swift; sourceTree = "<group>"; };
		03E42EDC26C50968005D7B5E /* RankingHeaderView.swift */ = {isa = PBXFileReference; lastKnownFileType = sourcecode.swift; path = RankingHeaderView.swift; sourceTree = "<group>"; };
		03E42EDE26C76829005D7B5E /* RankingTableViewCell.swift */ = {isa = PBXFileReference; lastKnownFileType = sourcecode.swift; path = RankingTableViewCell.swift; sourceTree = "<group>"; };
		03F2ED6126ED048300CFE87C /* AuthRepo.swift */ = {isa = PBXFileReference; lastKnownFileType = sourcecode.swift; path = AuthRepo.swift; sourceTree = "<group>"; };
		03F2ED6326ED906C00CFE87C /* Post.storyboard */ = {isa = PBXFileReference; lastKnownFileType = file.storyboard; path = Post.storyboard; sourceTree = "<group>"; };
		03F2ED6926ED914B00CFE87C /* PostTableViewCell.swift */ = {isa = PBXFileReference; lastKnownFileType = sourcecode.swift; path = PostTableViewCell.swift; sourceTree = "<group>"; };
		03F2ED6B26ED916900CFE87C /* PostHeaderView.swift */ = {isa = PBXFileReference; lastKnownFileType = sourcecode.swift; path = PostHeaderView.swift; sourceTree = "<group>"; };
		03F2ED6F26ED929300CFE87C /* PostMainViewController.swift */ = {isa = PBXFileReference; lastKnownFileType = sourcecode.swift; path = PostMainViewController.swift; sourceTree = "<group>"; };
		03F2ED7226ED92D500CFE87C /* PostViewModel.swift */ = {isa = PBXFileReference; lastKnownFileType = sourcecode.swift; path = PostViewModel.swift; sourceTree = "<group>"; };
		03F2ED7426EDD23A00CFE87C /* PostUserView.swift */ = {isa = PBXFileReference; lastKnownFileType = sourcecode.swift; path = PostUserView.swift; sourceTree = "<group>"; };
		03F2ED7A26EDD70000CFE87C /* PostImageCollectionViewCell.swift */ = {isa = PBXFileReference; lastKnownFileType = sourcecode.swift; path = PostImageCollectionViewCell.swift; sourceTree = "<group>"; };
		03F2ED7C26EDDC1400CFE87C /* AddPostViewController.swift */ = {isa = PBXFileReference; lastKnownFileType = sourcecode.swift; path = AddPostViewController.swift; sourceTree = "<group>"; };
		03F2ED8526F0343E00CFE87C /* CommentService.swift */ = {isa = PBXFileReference; lastKnownFileType = sourcecode.swift; path = CommentService.swift; sourceTree = "<group>"; };
		03F2ED8726F04D6100CFE87C /* PostCellViewModel.swift */ = {isa = PBXFileReference; lastKnownFileType = sourcecode.swift; path = PostCellViewModel.swift; sourceTree = "<group>"; };
		03F2ED8926F06BC300CFE87C /* FirestoreCommentRepo.swift */ = {isa = PBXFileReference; lastKnownFileType = sourcecode.swift; path = FirestoreCommentRepo.swift; sourceTree = "<group>"; };
		03F2ED8B26F17D2C00CFE87C /* PostCustomButton.swift */ = {isa = PBXFileReference; lastKnownFileType = sourcecode.swift; path = PostCustomButton.swift; sourceTree = "<group>"; };
		03F2ED8F26F3886700CFE87C /* PostCoordinator.swift */ = {isa = PBXFileReference; lastKnownFileType = sourcecode.swift; path = PostCoordinator.swift; sourceTree = "<group>"; };
		03F2ED9126F38D7C00CFE87C /* MainCoordinator.swift */ = {isa = PBXFileReference; lastKnownFileType = sourcecode.swift; path = MainCoordinator.swift; sourceTree = "<group>"; };
		03F2ED9326F3916500CFE87C /* MyPageCoordinator.swift */ = {isa = PBXFileReference; lastKnownFileType = sourcecode.swift; path = MyPageCoordinator.swift; sourceTree = "<group>"; };
		03F2ED9526FA20A800CFE87C /* CommentReactor.swift */ = {isa = PBXFileReference; lastKnownFileType = sourcecode.swift; path = CommentReactor.swift; sourceTree = "<group>"; };
		241523AF269D093E0077941A /* ShoppingService.swift */ = {isa = PBXFileReference; lastKnownFileType = sourcecode.swift; path = ShoppingService.swift; sourceTree = "<group>"; };
		241523B3269D24860077941A /* Function.swift */ = {isa = PBXFileReference; lastKnownFileType = sourcecode.swift; path = Function.swift; sourceTree = "<group>"; };
		2417EAAD26E58CAB006F2785 /* MyPageViewController.swift */ = {isa = PBXFileReference; lastKnownFileType = sourcecode.swift; path = MyPageViewController.swift; sourceTree = "<group>"; };
		2417EAB526E58D0C006F2785 /* MyPageViewModel.swift */ = {isa = PBXFileReference; lastKnownFileType = sourcecode.swift; path = MyPageViewModel.swift; sourceTree = "<group>"; };
		2417EABB26E5A562006F2785 /* MyPageHeaderView.swift */ = {isa = PBXFileReference; lastKnownFileType = sourcecode.swift; path = MyPageHeaderView.swift; sourceTree = "<group>"; };
		244B2B0726E24062001226F0 /* ImageRepo.swift */ = {isa = PBXFileReference; lastKnownFileType = sourcecode.swift; path = ImageRepo.swift; sourceTree = "<group>"; };
		244B2B1026E4A0DB001226F0 /* FirestoreUserRepo.swift */ = {isa = PBXFileReference; lastKnownFileType = sourcecode.swift; path = FirestoreUserRepo.swift; sourceTree = "<group>"; };
		24B081B026DFD21300379087 /* RealmUserRepo.swift */ = {isa = PBXFileReference; lastKnownFileType = sourcecode.swift; path = RealmUserRepo.swift; sourceTree = "<group>"; };
		24B081B926DFD23500379087 /* LocalUser.swift */ = {isa = PBXFileReference; lastKnownFileType = sourcecode.swift; path = LocalUser.swift; sourceTree = "<group>"; };
		24B081BE26E0473500379087 /* LocalMeal.swift */ = {isa = PBXFileReference; lastKnownFileType = sourcecode.swift; path = LocalMeal.swift; sourceTree = "<group>"; };
		24B081C326E0473F00379087 /* LocalShopping.swift */ = {isa = PBXFileReference; lastKnownFileType = sourcecode.swift; path = LocalShopping.swift; sourceTree = "<group>"; };
		24B081CB26E10F7B00379087 /* RealmMealRepo.swift */ = {isa = PBXFileReference; lastKnownFileType = sourcecode.swift; path = RealmMealRepo.swift; sourceTree = "<group>"; };
		24B081D026E10F8900379087 /* RealmShoppingRepo.swift */ = {isa = PBXFileReference; lastKnownFileType = sourcecode.swift; path = RealmShoppingRepo.swift; sourceTree = "<group>"; };
		24BA287626F8E85F005D344E /* CommentTableViewCell.swift */ = {isa = PBXFileReference; lastKnownFileType = sourcecode.swift; path = CommentTableViewCell.swift; sourceTree = "<group>"; };
		24C86C6B26FF6F7F00E84477 /* AddPostImageCollectionViewController.swift */ = {isa = PBXFileReference; lastKnownFileType = sourcecode.swift; path = AddPostImageCollectionViewController.swift; sourceTree = "<group>"; };
		633B5656FDBC98360D286571 /* Pods-Cookid.release.xcconfig */ = {isa = PBXFileReference; includeInIndex = 1; lastKnownFileType = text.xcconfig; name = "Pods-Cookid.release.xcconfig"; path = "Target Support Files/Pods-Cookid/Pods-Cookid.release.xcconfig"; sourceTree = "<group>"; };
		73D95818DBDA44D075AAF3DF /* Pods-CookidTests.release.xcconfig */ = {isa = PBXFileReference; includeInIndex = 1; lastKnownFileType = text.xcconfig; name = "Pods-CookidTests.release.xcconfig"; path = "Target Support Files/Pods-CookidTests/Pods-CookidTests.release.xcconfig"; sourceTree = "<group>"; };
		904741279A4F1CFB953C5D48 /* Pods-Cookid.debug.xcconfig */ = {isa = PBXFileReference; includeInIndex = 1; lastKnownFileType = text.xcconfig; name = "Pods-Cookid.debug.xcconfig"; path = "Target Support Files/Pods-Cookid/Pods-Cookid.debug.xcconfig"; sourceTree = "<group>"; };
		9B2D5500FAB87ECEE29995E1 /* Pods-CookidTests.debug.xcconfig */ = {isa = PBXFileReference; includeInIndex = 1; lastKnownFileType = text.xcconfig; name = "Pods-CookidTests.debug.xcconfig"; path = "Target Support Files/Pods-CookidTests/Pods-CookidTests.debug.xcconfig"; sourceTree = "<group>"; };
		B632E4718B240458C546A106 /* Pods_Cookid.framework */ = {isa = PBXFileReference; explicitFileType = wrapper.framework; includeInIndex = 0; path = Pods_Cookid.framework; sourceTree = BUILT_PRODUCTS_DIR; };
		C6BFF46126949AA7006295F5 /* Constant.swift */ = {isa = PBXFileReference; lastKnownFileType = sourcecode.swift; path = Constant.swift; sourceTree = "<group>"; };
		DB0D7D7326949818009B2D51 /* MealService.swift */ = {isa = PBXFileReference; lastKnownFileType = sourcecode.swift; name = MealService.swift; path = COOKID/Service/MealService.swift; sourceTree = SOURCE_ROOT; };
		DB1982EC269BF3660055742B /* UserInformationViewController.swift */ = {isa = PBXFileReference; lastKnownFileType = sourcecode.swift; path = UserInformationViewController.swift; sourceTree = "<group>"; };
		DB1982EE269BF7D30055742B /* UserInfo.storyboard */ = {isa = PBXFileReference; lastKnownFileType = file.storyboard; name = UserInfo.storyboard; path = ../../../COOKID/View/Storyboard/UserInfo.storyboard; sourceTree = "<group>"; };
		DB61715126C9577B008F497C /* NotificationManager.swift */ = {isa = PBXFileReference; lastKnownFileType = sourcecode.swift; path = NotificationManager.swift; sourceTree = "<group>"; };
		DBDA046726969A6500B5C1D6 /* UserService.swift */ = {isa = PBXFileReference; lastKnownFileType = sourcecode.swift; name = UserService.swift; path = COOKID/Service/UserService.swift; sourceTree = SOURCE_ROOT; };
		DBED6A39269E7B4B0020A774 /* UserInfoUpdateViewModel.swift */ = {isa = PBXFileReference; lastKnownFileType = sourcecode.swift; path = UserInfoUpdateViewModel.swift; sourceTree = "<group>"; };
		F2CFE3186FE4C8D4D4C424A8 /* Pods_CookidTests.framework */ = {isa = PBXFileReference; explicitFileType = wrapper.framework; includeInIndex = 0; path = Pods_CookidTests.framework; sourceTree = BUILT_PRODUCTS_DIR; };
/* End PBXFileReference section */

/* Begin PBXFrameworksBuildPhase section */
		03223395269212860092DD6D /* Frameworks */ = {
			isa = PBXFrameworksBuildPhase;
			buildActionMask = 2147483647;
			files = (
				03F2ED8426EF537E00CFE87C /* RealmSwift in Frameworks */,
				03F2ED8226EF537E00CFE87C /* Realm in Frameworks */,
				C6BFF45E26949A1E006295F5 /* FirebaseStorage in Frameworks */,
				03A943652705FC03009B5F09 /* Pods_Cookid.framework in Frameworks */,
				0380E3F42705A957007F8AA5 /* FirebaseFirestoreSwift-Beta in Frameworks */,
				0380E3F22705A957007F8AA5 /* FirebaseFirestore in Frameworks */,
			);
			runOnlyForDeploymentPostprocessing = 0;
		};
		03E42EB226C412A7005D7B5E /* Frameworks */ = {
			isa = PBXFrameworksBuildPhase;
			buildActionMask = 2147483647;
			files = (
				B254AC1C10960A5F525656B8 /* Pods_CookidTests.framework in Frameworks */,
			);
			runOnlyForDeploymentPostprocessing = 0;
		};
/* End PBXFrameworksBuildPhase section */

/* Begin PBXGroup section */
		0322338F269212860092DD6D = {
			isa = PBXGroup;
			children = (
				0322339A269212860092DD6D /* Cookid */,
				03E42EB626C412A8005D7B5E /* CookidTests */,
				03223399269212860092DD6D /* Products */,
				4D7F201105C9BFA7F50A2933 /* Pods */,
				92531E26D24250D9D4D81488 /* Frameworks */,
			);
			sourceTree = "<group>";
		};
		03223399269212860092DD6D /* Products */ = {
			isa = PBXGroup;
			children = (
				03223398269212860092DD6D /* Cookid.app */,
				03E42EB526C412A7005D7B5E /* CookidTests.xctest */,
			);
			name = Products;
			sourceTree = "<group>";
		};
		0322339A269212860092DD6D /* Cookid */ = {
			isa = PBXGroup;
			children = (
				032233B6269276920092DD6D /* Resources */,
				032233D52692F00B0092DD6D /* API */,
				03E42ECD26C4172E005D7B5E /* Coordinator */,
				032233AF2692764F0092DD6D /* Repository */,
				032233B02692765C0092DD6D /* Entity */,
				032233B1269276680092DD6D /* Model */,
				DB0D7D722694980B009B2D51 /* Service */,
				032233B2269276720092DD6D /* ViewModel */,
				032233B32692767E0092DD6D /* ViewController */,
				032233B4269276840092DD6D /* View */,
				0322339B269212860092DD6D /* AppDelegate.swift */,
				0322339D269212860092DD6D /* SceneDelegate.swift */,
				032233A9269212870092DD6D /* Info.plist */,
				0348B90826D542EF001BF3B7 /* GoogleService-Info.plist */,
			);
			path = Cookid;
			sourceTree = "<group>";
		};
		032233AF2692764F0092DD6D /* Repository */ = {
			isa = PBXGroup;
			children = (
				03F2ED6026ED046700CFE87C /* AuthRepository */,
				03D8C1F926EBB8EE00238CB6 /* StorageRepository */,
				244B2B0F26E4A0BF001226F0 /* FirestoreRepository */,
				244B2B0626E24044001226F0 /* ImageRepository */,
				24B081A926DFD1FA00379087 /* RealmRepository */,
			);
			path = Repository;
			sourceTree = "<group>";
		};
		032233B02692765C0092DD6D /* Entity */ = {
			isa = PBXGroup;
			children = (
				03D8C1F426EBB7E500238CB6 /* RemoteEntity */,
				24B081B526DFD22100379087 /* LocalEntity */,
			);
			path = Entity;
			sourceTree = "<group>";
		};
		032233B1269276680092DD6D /* Model */ = {
			isa = PBXGroup;
			children = (
				032233B9269277520092DD6D /* Meal.swift */,
				032233DD2693057C0092DD6D /* User.swift */,
				0348B8FB26D34463001BF3B7 /* Shopping.swift */,
				03B2049826D7B8AC0099C269 /* Menu.swift */,
				0348B8FD26D34E18001BF3B7 /* MainSectionModel.swift */,
				03D8C1F226EB7E0500238CB6 /* Comment.swift */,
				03D8C1F026EB6FD600238CB6 /* Post.swift */,
			);
			path = Model;
			sourceTree = "<group>";
		};
		032233B2269276720092DD6D /* ViewModel */ = {
			isa = PBXGroup;
			children = (
				2417EAB226E58CDD006F2785 /* Onboarding */,
				03B2048B26D5D9270099C269 /* Main */,
				03F2ED7126ED92C900CFE87C /* Post */,
				2417EAB426E58CF7006F2785 /* MyPage */,
			);
			path = ViewModel;
			sourceTree = "<group>";
		};
		032233B32692767E0092DD6D /* ViewController */ = {
			isa = PBXGroup;
			children = (
				032233C92692A8310092DD6D /* onboarding */,
				03586EAD26E4FD52002A56C6 /* SignIn */,
				03E42EDB26C4F6A7005D7B5E /* Main */,
				03F2ED6526ED90A300CFE87C /* Post */,
				03E42ED426C4DBB0005D7B5E /* Ranking */,
				2417EAA626E58C7C006F2785 /* MyPage */,
			);
			path = ViewController;
			sourceTree = "<group>";
		};
		032233B4269276840092DD6D /* View */ = {
			isa = PBXGroup;
			children = (
				0395B61626943B1F009289B7 /* MainCustomView */,
				03F2ED6826ED913800CFE87C /* PostCustomView */,
				03D3045E26FDE41200042CB7 /* AddPostCustomView */,
				2417EABA26E5A549006F2785 /* MyPageCustomView */,
				032233C8269280640092DD6D /* Storyboard */,
			);
			path = View;
			sourceTree = "<group>";
		};
		032233B6269276920092DD6D /* Resources */ = {
			isa = PBXGroup;
			children = (
				032233D42692D52A0092DD6D /* Font */,
				032233A4269212870092DD6D /* Assets.xcassets */,
				0339575026A2C96100594515 /* boardingImage */,
			);
			path = Resources;
			sourceTree = "<group>";
		};
		032233C526927EF90092DD6D /* DummyData */ = {
			isa = PBXGroup;
			children = (
				032233C626927F0C0092DD6D /* DummyData.swift */,
			);
			path = DummyData;
			sourceTree = "<group>";
		};
		032233C8269280640092DD6D /* Storyboard */ = {
			isa = PBXGroup;
			children = (
				032233A6269212870092DD6D /* Launch.storyboard */,
				032233A1269212860092DD6D /* Main.storyboard */,
				03F2ED6326ED906C00CFE87C /* Post.storyboard */,
				DB1982EE269BF7D30055742B /* UserInfo.storyboard */,
			);
			path = Storyboard;
			sourceTree = "<group>";
		};
		032233C92692A8310092DD6D /* onboarding */ = {
			isa = PBXGroup;
			children = (
				032233CA2692A8630092DD6D /* OnboardingPageViewViewController.swift */,
				032233CC2692A8F70092DD6D /* FirstPageViewController.swift */,
				032233CE2692A90B0092DD6D /* SecondPageViewController.swift */,
				032233D02692A91A0092DD6D /* ThirdPageViewController.swift */,
				032233D22692A94D0092DD6D /* FourthPageViewController.swift */,
			);
			path = onboarding;
			sourceTree = "<group>";
		};
		032233D42692D52A0092DD6D /* Font */ = {
			isa = PBXGroup;
			children = (
			);
			path = Font;
			sourceTree = "<group>";
		};
		032233D52692F00B0092DD6D /* API */ = {
			isa = PBXGroup;
			children = (
				032233C526927EF90092DD6D /* DummyData */,
				032233D62692F0160092DD6D /* Extension.swift */,
				032233E826934F180092DD6D /* Protocol.swift */,
				C6BFF46126949AA7006295F5 /* Constant.swift */,
				241523B3269D24860077941A /* Function.swift */,
				DB61715126C9577B008F497C /* NotificationManager.swift */,
			);
			path = API;
			sourceTree = "<group>";
		};
		03586EAD26E4FD52002A56C6 /* SignIn */ = {
			isa = PBXGroup;
			children = (
				03586EAE26E4FD6A002A56C6 /* SignInViewController.swift */,
			);
			path = SignIn;
			sourceTree = "<group>";
		};
		0395B61626943B1F009289B7 /* MainCustomView */ = {
			isa = PBXGroup;
			children = (
				0395B61726943B30009289B7 /* CustomProgressBar.swift */,
				035E4922269681A0002CC084 /* CustomProgressCircleView.swift */,
				035E491C26956F92002CC084 /* MealTableViewCell.swift */,
				035E4920269597D4002CC084 /* MealTimeCollectionViewCell.swift */,
				035E492826976B85002CC084 /* MealDayCollectionViewCell.swift */,
				0348B90126D3D99A001BF3B7 /* ShoppingCollectionViewCell.swift */,
				03B2049626D75E7E0099C269 /* PictureSelectCollectionViewCell.swift */,
			);
			path = MainCustomView;
			sourceTree = "<group>";
		};
		03B2048B26D5D9270099C269 /* Main */ = {
			isa = PBXGroup;
			children = (
				035E492626975815002CC084 /* MainViewModel.swift */,
				0395F6EE26B805A10091BB29 /* AddMealViewModel.swift */,
				03B2048C26D5D9440099C269 /* AddShoppingViewModel.swift */,
			);
			path = Main;
			sourceTree = "<group>";
		};
		03D3045E26FDE41200042CB7 /* AddPostCustomView */ = {
			isa = PBXGroup;
			children = (
				03D3046326FDE8BE00042CB7 /* AddPostImageCollectionViewCell.swift */,
				03D3046726FDFA7D00042CB7 /* AddPostCollectionReusableView.swift */,
			);
			path = AddPostCustomView;
			sourceTree = "<group>";
		};
		03D8C1F426EBB7E500238CB6 /* RemoteEntity */ = {
			isa = PBXGroup;
			children = (
				0380E3EB27045A00007F8AA5 /* RemoteUser.swift */,
				03D8C1F526EBB85200238CB6 /* RemotePost.swift */,
				03D8C1F726EBB85F00238CB6 /* RemoteComment.swift */,
			);
			path = RemoteEntity;
			sourceTree = "<group>";
		};
		03D8C1F926EBB8EE00238CB6 /* StorageRepository */ = {
			isa = PBXGroup;
			children = (
				03D8C1FA26EBB92A00238CB6 /* FirebaseStorageRepo.swift */,
			);
			path = StorageRepository;
			sourceTree = "<group>";
		};
		03E42EB626C412A8005D7B5E /* CookidTests */ = {
			isa = PBXGroup;
			children = (
				03E42EB726C412A8005D7B5E /* CookidTests.swift */,
				03D3046526FDF12600042CB7 /* ReactorTests.swift */,
				0380E3EF2704A86B007F8AA5 /* ViewTest.swift */,
				03E42EB926C412A8005D7B5E /* Info.plist */,
			);
			path = CookidTests;
			sourceTree = "<group>";
		};
		03E42ECD26C4172E005D7B5E /* Coordinator */ = {
			isa = PBXGroup;
			children = (
				03E42ED026C41766005D7B5E /* AppCoordinator.swift */,
				03E42ED926C4E22F005D7B5E /* OnboardingCoordinator.swift */,
				03E42ED226C41D54005D7B5E /* HomeCoordinator.swift */,
				03F2ED9126F38D7C00CFE87C /* MainCoordinator.swift */,
				03F2ED8F26F3886700CFE87C /* PostCoordinator.swift */,
				03F2ED9326F3916500CFE87C /* MyPageCoordinator.swift */,
			);
			path = Coordinator;
			sourceTree = "<group>";
		};
		03E42ED426C4DBB0005D7B5E /* Ranking */ = {
			isa = PBXGroup;
			children = (
				03E42ED726C4DD2B005D7B5E /* RankingViewModel.swift */,
				03E42ED526C4DBD1005D7B5E /* RankingMainViewController.swift */,
				03E42EDC26C50968005D7B5E /* RankingHeaderView.swift */,
				03E42EDE26C76829005D7B5E /* RankingTableViewCell.swift */,
			);
			path = Ranking;
			sourceTree = "<group>";
		};
		03E42EDB26C4F6A7005D7B5E /* Main */ = {
			isa = PBXGroup;
			children = (
				032233B7269276DB0092DD6D /* MainViewController.swift */,
				035E492A26987CFB002CC084 /* SelectCalendarViewController.swift */,
				0395F6EC26B805360091BB29 /* AddMealViewController.swift */,
				03B2049426D75DD50099C269 /* PictureSelectViewController.swift */,
				03B2048926D5D8AE0099C269 /* AddShoppingViewController.swift */,
			);
			path = Main;
			sourceTree = "<group>";
		};
		03F2ED6026ED046700CFE87C /* AuthRepository */ = {
			isa = PBXGroup;
			children = (
				03F2ED6126ED048300CFE87C /* AuthRepo.swift */,
			);
			path = AuthRepository;
			sourceTree = "<group>";
		};
		03F2ED6526ED90A300CFE87C /* Post */ = {
			isa = PBXGroup;
			children = (
				03F2ED6F26ED929300CFE87C /* PostMainViewController.swift */,
				03F2ED7C26EDDC1400CFE87C /* AddPostViewController.swift */,
				24C86C6B26FF6F7F00E84477 /* AddPostImageCollectionViewController.swift */,
				0398E16A26FB3E6000E98F77 /* CommentViewController.swift */,
			);
			path = Post;
			sourceTree = "<group>";
		};
		03F2ED6826ED913800CFE87C /* PostCustomView */ = {
			isa = PBXGroup;
			children = (
				03F2ED6B26ED916900CFE87C /* PostHeaderView.swift */,
				03F2ED6926ED914B00CFE87C /* PostTableViewCell.swift */,
				03F2ED7426EDD23A00CFE87C /* PostUserView.swift */,
				03F2ED7A26EDD70000CFE87C /* PostImageCollectionViewCell.swift */,
				03F2ED8B26F17D2C00CFE87C /* PostCustomButton.swift */,
				0398E16C26FB3EA500E98F77 /* CommentSectionView.swift */,
				24BA287626F8E85F005D344E /* CommentTableViewCell.swift */,
			);
			path = PostCustomView;
			sourceTree = "<group>";
		};
		03F2ED7126ED92C900CFE87C /* Post */ = {
			isa = PBXGroup;
			children = (
				03F2ED7226ED92D500CFE87C /* PostViewModel.swift */,
				03D3045C26FDE2F300042CB7 /* AddPostReactor.swift */,
				03F2ED8726F04D6100CFE87C /* PostCellViewModel.swift */,
				03F2ED9526FA20A800CFE87C /* CommentReactor.swift */,
			);
			path = Post;
			sourceTree = "<group>";
		};
		2417EAA626E58C7C006F2785 /* MyPage */ = {
			isa = PBXGroup;
			children = (
				2417EAAD26E58CAB006F2785 /* MyPageViewController.swift */,
				03D8C1CE26E7A7F600238CB6 /* MyPageDetailViewController.swift */,
				03D8C1E026E852CD00238CB6 /* MyMealsViewController.swift */,
				03D8C1E226E852D600238CB6 /* MyRecipesViewController.swift */,
				03D8C1E826EA52BB00238CB6 /* MyPostsViewController.swift */,
				DB1982EC269BF3660055742B /* UserInformationViewController.swift */,
			);
			path = MyPage;
			sourceTree = "<group>";
		};
		2417EAB226E58CDD006F2785 /* Onboarding */ = {
			isa = PBXGroup;
			children = (
				032233D82692F8ED0092DD6D /* OnboardingViewModel.swift */,
			);
			path = Onboarding;
			sourceTree = "<group>";
		};
		2417EAB426E58CF7006F2785 /* MyPage */ = {
			isa = PBXGroup;
			children = (
				2417EAB526E58D0C006F2785 /* MyPageViewModel.swift */,
				DBED6A39269E7B4B0020A774 /* UserInfoUpdateViewModel.swift */,
			);
			path = MyPage;
			sourceTree = "<group>";
		};
		2417EABA26E5A549006F2785 /* MyPageCustomView */ = {
			isa = PBXGroup;
			children = (
				2417EABB26E5A562006F2785 /* MyPageHeaderView.swift */,
				03D8C1E626E8927700238CB6 /* MyMealsCollectionViewCell.swift */,
				03D8C1EA26EA539300238CB6 /* MyPostTableViewCell.swift */,
			);
			path = MyPageCustomView;
			sourceTree = "<group>";
		};
		244B2B0626E24044001226F0 /* ImageRepository */ = {
			isa = PBXGroup;
			children = (
				244B2B0726E24062001226F0 /* ImageRepo.swift */,
			);
			path = ImageRepository;
			sourceTree = "<group>";
		};
		244B2B0F26E4A0BF001226F0 /* FirestoreRepository */ = {
			isa = PBXGroup;
			children = (
				244B2B1026E4A0DB001226F0 /* FirestoreUserRepo.swift */,
				03D8C1EE26EB6D8C00238CB6 /* FirestorePostRepo.swift */,
				03F2ED8926F06BC300CFE87C /* FirestoreCommentRepo.swift */,
			);
			path = FirestoreRepository;
			sourceTree = "<group>";
		};
		24B081A926DFD1FA00379087 /* RealmRepository */ = {
			isa = PBXGroup;
			children = (
				24B081B026DFD21300379087 /* RealmUserRepo.swift */,
				24B081CB26E10F7B00379087 /* RealmMealRepo.swift */,
				24B081D026E10F8900379087 /* RealmShoppingRepo.swift */,
			);
			path = RealmRepository;
			sourceTree = "<group>";
		};
		24B081B526DFD22100379087 /* LocalEntity */ = {
			isa = PBXGroup;
			children = (
				24B081B926DFD23500379087 /* LocalUser.swift */,
				24B081BE26E0473500379087 /* LocalMeal.swift */,
				24B081C326E0473F00379087 /* LocalShopping.swift */,
			);
			path = LocalEntity;
			sourceTree = "<group>";
		};
		4D7F201105C9BFA7F50A2933 /* Pods */ = {
			isa = PBXGroup;
			children = (
				904741279A4F1CFB953C5D48 /* Pods-Cookid.debug.xcconfig */,
				633B5656FDBC98360D286571 /* Pods-Cookid.release.xcconfig */,
				9B2D5500FAB87ECEE29995E1 /* Pods-CookidTests.debug.xcconfig */,
				73D95818DBDA44D075AAF3DF /* Pods-CookidTests.release.xcconfig */,
			);
			path = Pods;
			sourceTree = "<group>";
		};
		92531E26D24250D9D4D81488 /* Frameworks */ = {
			isa = PBXGroup;
			children = (
				03A943642705FC03009B5F09 /* Pods_Cookid.framework */,
				B632E4718B240458C546A106 /* Pods_Cookid.framework */,
				F2CFE3186FE4C8D4D4C424A8 /* Pods_CookidTests.framework */,
			);
			name = Frameworks;
			sourceTree = "<group>";
		};
		DB0D7D722694980B009B2D51 /* Service */ = {
			isa = PBXGroup;
			children = (
				DBDA046726969A6500B5C1D6 /* UserService.swift */,
				DB0D7D7326949818009B2D51 /* MealService.swift */,
				241523AF269D093E0077941A /* ShoppingService.swift */,
				03B2049A26D7BA830099C269 /* MenuService.swift */,
				03D8C1FC26EBBC9800238CB6 /* PostService.swift */,
				03F2ED8526F0343E00CFE87C /* CommentService.swift */,
			);
			path = Service;
			sourceTree = "<group>";
		};
/* End PBXGroup section */

/* Begin PBXNativeTarget section */
		03223397269212860092DD6D /* Cookid */ = {
			isa = PBXNativeTarget;
			buildConfigurationList = 032233AC269212870092DD6D /* Build configuration list for PBXNativeTarget "Cookid" */;
			buildPhases = (
				8312B1C70BDD423B8B3AAE3A /* [CP] Check Pods Manifest.lock */,
				03223394269212860092DD6D /* Sources */,
				03223395269212860092DD6D /* Frameworks */,
				03223396269212860092DD6D /* Resources */,
				03B2049226D712BC0099C269 /* ShellScript */,
				94B5D6EA4FFA9BEB423DCE9A /* [CP] Embed Pods Frameworks */,
				03A943672705FC03009B5F09 /* Embed Frameworks */,
			);
			buildRules = (
			);
			dependencies = (
			);
			name = Cookid;
			packageProductDependencies = (
				C6BFF45D26949A1E006295F5 /* FirebaseStorage */,
				03F2ED8126EF537E00CFE87C /* Realm */,
				03F2ED8326EF537E00CFE87C /* RealmSwift */,
				0380E3F12705A957007F8AA5 /* FirebaseFirestore */,
				0380E3F32705A957007F8AA5 /* FirebaseFirestoreSwift-Beta */,
			);
			productName = Cookid;
			productReference = 03223398269212860092DD6D /* Cookid.app */;
			productType = "com.apple.product-type.application";
		};
		03E42EB426C412A7005D7B5E /* CookidTests */ = {
			isa = PBXNativeTarget;
			buildConfigurationList = 03E42EBE26C412A8005D7B5E /* Build configuration list for PBXNativeTarget "CookidTests" */;
			buildPhases = (
				48892CF3E627BF04B060A701 /* [CP] Check Pods Manifest.lock */,
				03E42EB126C412A7005D7B5E /* Sources */,
				03E42EB226C412A7005D7B5E /* Frameworks */,
				03E42EB326C412A7005D7B5E /* Resources */,
				687898047BE9A1D1D7719F60 /* [CP] Embed Pods Frameworks */,
			);
			buildRules = (
			);
			dependencies = (
				03E42EBB26C412A8005D7B5E /* PBXTargetDependency */,
			);
			name = CookidTests;
			productName = CookidTests;
			productReference = 03E42EB526C412A7005D7B5E /* CookidTests.xctest */;
			productType = "com.apple.product-type.bundle.unit-test";
		};
/* End PBXNativeTarget section */

/* Begin PBXProject section */
		03223390269212860092DD6D /* Project object */ = {
			isa = PBXProject;
			attributes = {
				LastSwiftUpdateCheck = 1250;
				LastUpgradeCheck = 1250;
				TargetAttributes = {
					03223397269212860092DD6D = {
						CreatedOnToolsVersion = 12.5.1;
					};
					03E42EB426C412A7005D7B5E = {
						CreatedOnToolsVersion = 12.5.1;
						LastSwiftMigration = 1250;
						TestTargetID = 03223397269212860092DD6D;
					};
				};
			};
			buildConfigurationList = 03223393269212860092DD6D /* Build configuration list for PBXProject "Cookid" */;
			compatibilityVersion = "Xcode 9.3";
			developmentRegion = en;
			hasScannedForEncodings = 0;
			knownRegions = (
				en,
				Base,
			);
			mainGroup = 0322338F269212860092DD6D;
			packageReferences = (
				C6BFF45A26949A1E006295F5 /* XCRemoteSwiftPackageReference "firebase-ios-sdk" */,
				03F2ED8026EF537E00CFE87C /* XCRemoteSwiftPackageReference "realm-cocoa" */,
			);
			productRefGroup = 03223399269212860092DD6D /* Products */;
			projectDirPath = "";
			projectRoot = "";
			targets = (
				03223397269212860092DD6D /* Cookid */,
				03E42EB426C412A7005D7B5E /* CookidTests */,
			);
		};
/* End PBXProject section */

/* Begin PBXResourcesBuildPhase section */
		03223396269212860092DD6D /* Resources */ = {
			isa = PBXResourcesBuildPhase;
			buildActionMask = 2147483647;
			files = (
				032233A8269212870092DD6D /* Launch.storyboard in Resources */,
				0348B90926D542EF001BF3B7 /* GoogleService-Info.plist in Resources */,
				032233A5269212870092DD6D /* Assets.xcassets in Resources */,
				03F2ED6426ED906C00CFE87C /* Post.storyboard in Resources */,
				0339575126A2C96100594515 /* boardingImage in Resources */,
				DB1982EF269BF7D30055742B /* UserInfo.storyboard in Resources */,
				032233A3269212860092DD6D /* Main.storyboard in Resources */,
			);
			runOnlyForDeploymentPostprocessing = 0;
		};
		03E42EB326C412A7005D7B5E /* Resources */ = {
			isa = PBXResourcesBuildPhase;
			buildActionMask = 2147483647;
			files = (
			);
			runOnlyForDeploymentPostprocessing = 0;
		};
/* End PBXResourcesBuildPhase section */

/* Begin PBXShellScriptBuildPhase section */
		03B2049226D712BC0099C269 /* ShellScript */ = {
			isa = PBXShellScriptBuildPhase;
			buildActionMask = 2147483647;
			files = (
			);
			inputFileListPaths = (
			);
			inputPaths = (
			);
			outputFileListPaths = (
			);
			outputPaths = (
			);
			runOnlyForDeploymentPostprocessing = 0;
			shellPath = /bin/sh;
			shellScript = "# Type a script or drag a script file from your workspace to insert its path.\n${PODS_ROOT}/SwiftLint/swiftlint\n";
			showEnvVarsInLog = 0;
		};
		48892CF3E627BF04B060A701 /* [CP] Check Pods Manifest.lock */ = {
			isa = PBXShellScriptBuildPhase;
			buildActionMask = 2147483647;
			files = (
			);
			inputFileListPaths = (
			);
			inputPaths = (
				"${PODS_PODFILE_DIR_PATH}/Podfile.lock",
				"${PODS_ROOT}/Manifest.lock",
			);
			name = "[CP] Check Pods Manifest.lock";
			outputFileListPaths = (
			);
			outputPaths = (
				"$(DERIVED_FILE_DIR)/Pods-CookidTests-checkManifestLockResult.txt",
			);
			runOnlyForDeploymentPostprocessing = 0;
			shellPath = /bin/sh;
			shellScript = "diff \"${PODS_PODFILE_DIR_PATH}/Podfile.lock\" \"${PODS_ROOT}/Manifest.lock\" > /dev/null\nif [ $? != 0 ] ; then\n    # print error to STDERR\n    echo \"error: The sandbox is not in sync with the Podfile.lock. Run 'pod install' or update your CocoaPods installation.\" >&2\n    exit 1\nfi\n# This output is used by Xcode 'outputs' to avoid re-running this script phase.\necho \"SUCCESS\" > \"${SCRIPT_OUTPUT_FILE_0}\"\n";
			showEnvVarsInLog = 0;
		};
		687898047BE9A1D1D7719F60 /* [CP] Embed Pods Frameworks */ = {
			isa = PBXShellScriptBuildPhase;
			buildActionMask = 2147483647;
			files = (
			);
			inputFileListPaths = (
				"${PODS_ROOT}/Target Support Files/Pods-CookidTests/Pods-CookidTests-frameworks-${CONFIGURATION}-input-files.xcfilelist",
			);
			name = "[CP] Embed Pods Frameworks";
			outputFileListPaths = (
				"${PODS_ROOT}/Target Support Files/Pods-CookidTests/Pods-CookidTests-frameworks-${CONFIGURATION}-output-files.xcfilelist",
			);
			runOnlyForDeploymentPostprocessing = 0;
			shellPath = /bin/sh;
			shellScript = "\"${PODS_ROOT}/Target Support Files/Pods-CookidTests/Pods-CookidTests-frameworks.sh\"\n";
			showEnvVarsInLog = 0;
		};
		8312B1C70BDD423B8B3AAE3A /* [CP] Check Pods Manifest.lock */ = {
			isa = PBXShellScriptBuildPhase;
			buildActionMask = 2147483647;
			files = (
			);
			inputFileListPaths = (
			);
			inputPaths = (
				"${PODS_PODFILE_DIR_PATH}/Podfile.lock",
				"${PODS_ROOT}/Manifest.lock",
			);
			name = "[CP] Check Pods Manifest.lock";
			outputFileListPaths = (
			);
			outputPaths = (
				"$(DERIVED_FILE_DIR)/Pods-Cookid-checkManifestLockResult.txt",
			);
			runOnlyForDeploymentPostprocessing = 0;
			shellPath = /bin/sh;
			shellScript = "diff \"${PODS_PODFILE_DIR_PATH}/Podfile.lock\" \"${PODS_ROOT}/Manifest.lock\" > /dev/null\nif [ $? != 0 ] ; then\n    # print error to STDERR\n    echo \"error: The sandbox is not in sync with the Podfile.lock. Run 'pod install' or update your CocoaPods installation.\" >&2\n    exit 1\nfi\n# This output is used by Xcode 'outputs' to avoid re-running this script phase.\necho \"SUCCESS\" > \"${SCRIPT_OUTPUT_FILE_0}\"\n";
			showEnvVarsInLog = 0;
		};
		94B5D6EA4FFA9BEB423DCE9A /* [CP] Embed Pods Frameworks */ = {
			isa = PBXShellScriptBuildPhase;
			buildActionMask = 2147483647;
			files = (
			);
			inputFileListPaths = (
				"${PODS_ROOT}/Target Support Files/Pods-Cookid/Pods-Cookid-frameworks-${CONFIGURATION}-input-files.xcfilelist",
			);
			name = "[CP] Embed Pods Frameworks";
			outputFileListPaths = (
				"${PODS_ROOT}/Target Support Files/Pods-Cookid/Pods-Cookid-frameworks-${CONFIGURATION}-output-files.xcfilelist",
			);
			runOnlyForDeploymentPostprocessing = 0;
			shellPath = /bin/sh;
			shellScript = "\"${PODS_ROOT}/Target Support Files/Pods-Cookid/Pods-Cookid-frameworks.sh\"\n";
			showEnvVarsInLog = 0;
		};
/* End PBXShellScriptBuildPhase section */

/* Begin PBXSourcesBuildPhase section */
		03223394269212860092DD6D /* Sources */ = {
			isa = PBXSourcesBuildPhase;
			buildActionMask = 2147483647;
			files = (
				0398E16B26FB3E6000E98F77 /* CommentViewController.swift in Sources */,
				03B2049326D737FD0099C269 /* UserInformationViewController.swift in Sources */,
				035E4921269597D4002CC084 /* MealTimeCollectionViewCell.swift in Sources */,
				032233BA269277520092DD6D /* Meal.swift in Sources */,
				0395F6ED26B805360091BB29 /* AddMealViewController.swift in Sources */,
				DBDA046826969A6500B5C1D6 /* UserService.swift in Sources */,
				0395B61826943B30009289B7 /* CustomProgressBar.swift in Sources */,
				032233D32692A94D0092DD6D /* FourthPageViewController.swift in Sources */,
				03D8C1EB26EA539300238CB6 /* MyPostTableViewCell.swift in Sources */,
				03D3046826FDFA7D00042CB7 /* AddPostCollectionReusableView.swift in Sources */,
				03F2ED7B26EDD70000CFE87C /* PostImageCollectionViewCell.swift in Sources */,
				035E492926976B85002CC084 /* MealDayCollectionViewCell.swift in Sources */,
				0398E16D26FB3EA500E98F77 /* CommentSectionView.swift in Sources */,
				032233D12692A91A0092DD6D /* ThirdPageViewController.swift in Sources */,
				03E42EDF26C76829005D7B5E /* RankingTableViewCell.swift in Sources */,
				241523B0269D093E0077941A /* ShoppingService.swift in Sources */,
				03D8C1E126E852CD00238CB6 /* MyMealsViewController.swift in Sources */,
				035E492726975815002CC084 /* MainViewModel.swift in Sources */,
				03586EAF26E4FD6A002A56C6 /* SignInViewController.swift in Sources */,
				2417EAAE26E58CAB006F2785 /* MyPageViewController.swift in Sources */,
				03F2ED8626F0343E00CFE87C /* CommentService.swift in Sources */,
				03F2ED7D26EDDC1400CFE87C /* AddPostViewController.swift in Sources */,
				0322339C269212860092DD6D /* AppDelegate.swift in Sources */,
				03D8C1E926EA52BB00238CB6 /* MyPostsViewController.swift in Sources */,
				032233D92692F8ED0092DD6D /* OnboardingViewModel.swift in Sources */,
				03F2ED7526EDD23A00CFE87C /* PostUserView.swift in Sources */,
				DB61715226C9577B008F497C /* NotificationManager.swift in Sources */,
				03F2ED6C26ED916900CFE87C /* PostHeaderView.swift in Sources */,
				03B2049526D75DD50099C269 /* PictureSelectViewController.swift in Sources */,
				03D8C1E726E8927700238CB6 /* MyMealsCollectionViewCell.swift in Sources */,
				035E491D26956F92002CC084 /* MealTableViewCell.swift in Sources */,
				241523B4269D24860077941A /* Function.swift in Sources */,
				035E492B26987CFB002CC084 /* SelectCalendarViewController.swift in Sources */,
				2417EAB626E58D0C006F2785 /* MyPageViewModel.swift in Sources */,
				032233CB2692A8630092DD6D /* OnboardingPageViewViewController.swift in Sources */,
				03D8C1F826EBB85F00238CB6 /* RemoteComment.swift in Sources */,
				244B2B1126E4A0DB001226F0 /* FirestoreUserRepo.swift in Sources */,
				032233C726927F0C0092DD6D /* DummyData.swift in Sources */,
				C6BFF46226949AA7006295F5 /* Constant.swift in Sources */,
				032233DE2693057C0092DD6D /* User.swift in Sources */,
				03E42ED326C41D54005D7B5E /* HomeCoordinator.swift in Sources */,
				03F2ED7326ED92D500CFE87C /* PostViewModel.swift in Sources */,
				03D8C1E326E852D600238CB6 /* MyRecipesViewController.swift in Sources */,
				03E42ED826C4DD2B005D7B5E /* RankingViewModel.swift in Sources */,
				0348B8FE26D34E18001BF3B7 /* MainSectionModel.swift in Sources */,
				032233CD2692A8F70092DD6D /* FirstPageViewController.swift in Sources */,
				03F2ED8C26F17D2D00CFE87C /* PostCustomButton.swift in Sources */,
				03D3045D26FDE2F300042CB7 /* AddPostReactor.swift in Sources */,
				0348B90226D3D99A001BF3B7 /* ShoppingCollectionViewCell.swift in Sources */,
				032233D72692F0160092DD6D /* Extension.swift in Sources */,
				03D8C1FD26EBBC9800238CB6 /* PostService.swift in Sources */,
				244B2B0826E24062001226F0 /* ImageRepo.swift in Sources */,
				03B2049926D7B8AC0099C269 /* Menu.swift in Sources */,
				03F2ED9026F3886700CFE87C /* PostCoordinator.swift in Sources */,
				0380E3EC27045A00007F8AA5 /* RemoteUser.swift in Sources */,
				03E42EDA26C4E22F005D7B5E /* OnboardingCoordinator.swift in Sources */,
				0322339E269212860092DD6D /* SceneDelegate.swift in Sources */,
				03D3046426FDE8BE00042CB7 /* AddPostImageCollectionViewCell.swift in Sources */,
				03F2ED9226F38D7C00CFE87C /* MainCoordinator.swift in Sources */,
				03D8C1FB26EBB92A00238CB6 /* FirebaseStorageRepo.swift in Sources */,
				C67441D62696FA530086CBAD /* MealService.swift in Sources */,
				03D8C1CF26E7A7F600238CB6 /* MyPageDetailViewController.swift in Sources */,
				03D8C1F626EBB85200238CB6 /* RemotePost.swift in Sources */,
				03D8C1EF26EB6D8C00238CB6 /* FirestorePostRepo.swift in Sources */,
				24BA287726F8E85F005D344E /* CommentTableViewCell.swift in Sources */,
				24B081BF26E0473500379087 /* LocalMeal.swift in Sources */,
				24C86C6C26FF6F8000E84477 /* AddPostImageCollectionViewController.swift in Sources */,
				24B081B126DFD21300379087 /* RealmUserRepo.swift in Sources */,
				032233E926934F180092DD6D /* Protocol.swift in Sources */,
				2417EABC26E5A562006F2785 /* MyPageHeaderView.swift in Sources */,
				03E42ED626C4DBD1005D7B5E /* RankingMainViewController.swift in Sources */,
				03F2ED6226ED048300CFE87C /* AuthRepo.swift in Sources */,
				24B081C426E0473F00379087 /* LocalShopping.swift in Sources */,
				03F2ED9426F3916500CFE87C /* MyPageCoordinator.swift in Sources */,
				DBED6A3A269E7B4B0020A774 /* UserInfoUpdateViewModel.swift in Sources */,
				038875B126A030F300D5D202 /* MainViewController.swift in Sources */,
				03B2048A26D5D8AE0099C269 /* AddShoppingViewController.swift in Sources */,
				03F2ED7026ED929300CFE87C /* PostMainViewController.swift in Sources */,
				03B2049B26D7BA830099C269 /* MenuService.swift in Sources */,
				032233CF2692A90B0092DD6D /* SecondPageViewController.swift in Sources */,
				24B081D126E10F8900379087 /* RealmShoppingRepo.swift in Sources */,
				03F2ED8A26F06BC300CFE87C /* FirestoreCommentRepo.swift in Sources */,
				24B081BA26DFD23500379087 /* LocalUser.swift in Sources */,
				03F2ED9626FA20A900CFE87C /* CommentReactor.swift in Sources */,
				03D8C1F126EB6FD600238CB6 /* Post.swift in Sources */,
				03B2048D26D5D9440099C269 /* AddShoppingViewModel.swift in Sources */,
				03E42EDD26C50968005D7B5E /* RankingHeaderView.swift in Sources */,
				0348B8FC26D34463001BF3B7 /* Shopping.swift in Sources */,
				03E42ED126C41766005D7B5E /* AppCoordinator.swift in Sources */,
				03D8C1F326EB7E0500238CB6 /* Comment.swift in Sources */,
				03B2049726D75E7E0099C269 /* PictureSelectCollectionViewCell.swift in Sources */,
				035E4923269681A0002CC084 /* CustomProgressCircleView.swift in Sources */,
				0395F6EF26B805A10091BB29 /* AddMealViewModel.swift in Sources */,
				24B081CC26E10F7B00379087 /* RealmMealRepo.swift in Sources */,
				03F2ED6A26ED914B00CFE87C /* PostTableViewCell.swift in Sources */,
				03F2ED8826F04D6200CFE87C /* PostCellViewModel.swift in Sources */,
			);
			runOnlyForDeploymentPostprocessing = 0;
		};
		03E42EB126C412A7005D7B5E /* Sources */ = {
			isa = PBXSourcesBuildPhase;
			buildActionMask = 2147483647;
			files = (
				03D3046626FDF12600042CB7 /* ReactorTests.swift in Sources */,
				03E42EB826C412A8005D7B5E /* CookidTests.swift in Sources */,
				0380E3F02704A86B007F8AA5 /* ViewTest.swift in Sources */,
			);
			runOnlyForDeploymentPostprocessing = 0;
		};
/* End PBXSourcesBuildPhase section */

/* Begin PBXTargetDependency section */
		03E42EBB26C412A8005D7B5E /* PBXTargetDependency */ = {
			isa = PBXTargetDependency;
			target = 03223397269212860092DD6D /* Cookid */;
			targetProxy = 03E42EBA26C412A8005D7B5E /* PBXContainerItemProxy */;
		};
/* End PBXTargetDependency section */

/* Begin PBXVariantGroup section */
		032233A1269212860092DD6D /* Main.storyboard */ = {
			isa = PBXVariantGroup;
			children = (
				032233A2269212860092DD6D /* Base */,
			);
			name = Main.storyboard;
			sourceTree = "<group>";
		};
		032233A6269212870092DD6D /* Launch.storyboard */ = {
			isa = PBXVariantGroup;
			children = (
				032233A7269212870092DD6D /* Base */,
			);
			name = Launch.storyboard;
			sourceTree = "<group>";
		};
/* End PBXVariantGroup section */

/* Begin XCBuildConfiguration section */
		032233AA269212870092DD6D /* Debug */ = {
			isa = XCBuildConfiguration;
			buildSettings = {
				ALWAYS_SEARCH_USER_PATHS = NO;
				CLANG_ANALYZER_NONNULL = YES;
				CLANG_ANALYZER_NUMBER_OBJECT_CONVERSION = YES_AGGRESSIVE;
				CLANG_CXX_LANGUAGE_STANDARD = "gnu++14";
				CLANG_CXX_LIBRARY = "libc++";
				CLANG_ENABLE_MODULES = YES;
				CLANG_ENABLE_OBJC_ARC = YES;
				CLANG_ENABLE_OBJC_WEAK = YES;
				CLANG_WARN_BLOCK_CAPTURE_AUTORELEASING = YES;
				CLANG_WARN_BOOL_CONVERSION = YES;
				CLANG_WARN_COMMA = YES;
				CLANG_WARN_CONSTANT_CONVERSION = YES;
				CLANG_WARN_DEPRECATED_OBJC_IMPLEMENTATIONS = YES;
				CLANG_WARN_DIRECT_OBJC_ISA_USAGE = YES_ERROR;
				CLANG_WARN_DOCUMENTATION_COMMENTS = YES;
				CLANG_WARN_EMPTY_BODY = YES;
				CLANG_WARN_ENUM_CONVERSION = YES;
				CLANG_WARN_INFINITE_RECURSION = YES;
				CLANG_WARN_INT_CONVERSION = YES;
				CLANG_WARN_NON_LITERAL_NULL_CONVERSION = YES;
				CLANG_WARN_OBJC_IMPLICIT_RETAIN_SELF = YES;
				CLANG_WARN_OBJC_LITERAL_CONVERSION = YES;
				CLANG_WARN_OBJC_ROOT_CLASS = YES_ERROR;
				CLANG_WARN_QUOTED_INCLUDE_IN_FRAMEWORK_HEADER = YES;
				CLANG_WARN_RANGE_LOOP_ANALYSIS = YES;
				CLANG_WARN_STRICT_PROTOTYPES = YES;
				CLANG_WARN_SUSPICIOUS_MOVE = YES;
				CLANG_WARN_UNGUARDED_AVAILABILITY = YES_AGGRESSIVE;
				CLANG_WARN_UNREACHABLE_CODE = YES;
				CLANG_WARN__DUPLICATE_METHOD_MATCH = YES;
				COPY_PHASE_STRIP = NO;
				DEBUG_INFORMATION_FORMAT = dwarf;
				ENABLE_STRICT_OBJC_MSGSEND = YES;
				ENABLE_TESTABILITY = YES;
				GCC_C_LANGUAGE_STANDARD = gnu11;
				GCC_DYNAMIC_NO_PIC = NO;
				GCC_NO_COMMON_BLOCKS = YES;
				GCC_OPTIMIZATION_LEVEL = 0;
				GCC_PREPROCESSOR_DEFINITIONS = (
					"DEBUG=1",
					"$(inherited)",
				);
				GCC_WARN_64_TO_32_BIT_CONVERSION = YES;
				GCC_WARN_ABOUT_RETURN_TYPE = YES_ERROR;
				GCC_WARN_UNDECLARED_SELECTOR = YES;
				GCC_WARN_UNINITIALIZED_AUTOS = YES_AGGRESSIVE;
				GCC_WARN_UNUSED_FUNCTION = YES;
				GCC_WARN_UNUSED_VARIABLE = YES;
				IPHONEOS_DEPLOYMENT_TARGET = 13.0;
				MTL_ENABLE_DEBUG_INFO = INCLUDE_SOURCE;
				MTL_FAST_MATH = YES;
				ONLY_ACTIVE_ARCH = NO;
				SDKROOT = iphoneos;
				SWIFT_ACTIVE_COMPILATION_CONDITIONS = DEBUG;
				SWIFT_OPTIMIZATION_LEVEL = "-Onone";
			};
			name = Debug;
		};
		032233AB269212870092DD6D /* Release */ = {
			isa = XCBuildConfiguration;
			buildSettings = {
				ALWAYS_SEARCH_USER_PATHS = NO;
				CLANG_ANALYZER_NONNULL = YES;
				CLANG_ANALYZER_NUMBER_OBJECT_CONVERSION = YES_AGGRESSIVE;
				CLANG_CXX_LANGUAGE_STANDARD = "gnu++14";
				CLANG_CXX_LIBRARY = "libc++";
				CLANG_ENABLE_MODULES = YES;
				CLANG_ENABLE_OBJC_ARC = YES;
				CLANG_ENABLE_OBJC_WEAK = YES;
				CLANG_WARN_BLOCK_CAPTURE_AUTORELEASING = YES;
				CLANG_WARN_BOOL_CONVERSION = YES;
				CLANG_WARN_COMMA = YES;
				CLANG_WARN_CONSTANT_CONVERSION = YES;
				CLANG_WARN_DEPRECATED_OBJC_IMPLEMENTATIONS = YES;
				CLANG_WARN_DIRECT_OBJC_ISA_USAGE = YES_ERROR;
				CLANG_WARN_DOCUMENTATION_COMMENTS = YES;
				CLANG_WARN_EMPTY_BODY = YES;
				CLANG_WARN_ENUM_CONVERSION = YES;
				CLANG_WARN_INFINITE_RECURSION = YES;
				CLANG_WARN_INT_CONVERSION = YES;
				CLANG_WARN_NON_LITERAL_NULL_CONVERSION = YES;
				CLANG_WARN_OBJC_IMPLICIT_RETAIN_SELF = YES;
				CLANG_WARN_OBJC_LITERAL_CONVERSION = YES;
				CLANG_WARN_OBJC_ROOT_CLASS = YES_ERROR;
				CLANG_WARN_QUOTED_INCLUDE_IN_FRAMEWORK_HEADER = YES;
				CLANG_WARN_RANGE_LOOP_ANALYSIS = YES;
				CLANG_WARN_STRICT_PROTOTYPES = YES;
				CLANG_WARN_SUSPICIOUS_MOVE = YES;
				CLANG_WARN_UNGUARDED_AVAILABILITY = YES_AGGRESSIVE;
				CLANG_WARN_UNREACHABLE_CODE = YES;
				CLANG_WARN__DUPLICATE_METHOD_MATCH = YES;
				COPY_PHASE_STRIP = NO;
				DEBUG_INFORMATION_FORMAT = "dwarf-with-dsym";
				ENABLE_NS_ASSERTIONS = NO;
				ENABLE_STRICT_OBJC_MSGSEND = YES;
				GCC_C_LANGUAGE_STANDARD = gnu11;
				GCC_NO_COMMON_BLOCKS = YES;
				GCC_WARN_64_TO_32_BIT_CONVERSION = YES;
				GCC_WARN_ABOUT_RETURN_TYPE = YES_ERROR;
				GCC_WARN_UNDECLARED_SELECTOR = YES;
				GCC_WARN_UNINITIALIZED_AUTOS = YES_AGGRESSIVE;
				GCC_WARN_UNUSED_FUNCTION = YES;
				GCC_WARN_UNUSED_VARIABLE = YES;
				IPHONEOS_DEPLOYMENT_TARGET = 13.0;
				MTL_ENABLE_DEBUG_INFO = NO;
				MTL_FAST_MATH = YES;
				SDKROOT = iphoneos;
				SWIFT_COMPILATION_MODE = wholemodule;
				SWIFT_OPTIMIZATION_LEVEL = "-O";
				VALIDATE_PRODUCT = YES;
			};
			name = Release;
		};
		032233AD269212870092DD6D /* Debug */ = {
			isa = XCBuildConfiguration;
			baseConfigurationReference = 904741279A4F1CFB953C5D48 /* Pods-Cookid.debug.xcconfig */;
			buildSettings = {
				ASSETCATALOG_COMPILER_APPICON_NAME = AppIcon;
				ASSETCATALOG_COMPILER_GLOBAL_ACCENT_COLOR_NAME = AccentColor;
				CODE_SIGN_STYLE = Automatic;
				DEVELOPMENT_TEAM = 4QG3GC35LA;
				"EXCLUDED_ARCHS[sdk=iphonesimulator*]" = arm64;
				INFOPLIST_FILE = Cookid/Info.plist;
				LD_RUNPATH_SEARCH_PATHS = (
					"$(inherited)",
					"@executable_path/Frameworks",
				);
				MARKETING_VERSION = 1.0.1;
				PRODUCT_BUNDLE_IDENTIFIER = com.DeveloperPaul.Cookid;
				PRODUCT_NAME = "$(TARGET_NAME)";
				SWIFT_COMPILATION_MODE = wholemodule;
				SWIFT_OPTIMIZATION_LEVEL = "-O";
				SWIFT_VERSION = 5.0;
				TARGETED_DEVICE_FAMILY = 1;
			};
			name = Debug;
		};
		032233AE269212870092DD6D /* Release */ = {
			isa = XCBuildConfiguration;
			baseConfigurationReference = 633B5656FDBC98360D286571 /* Pods-Cookid.release.xcconfig */;
			buildSettings = {
				ASSETCATALOG_COMPILER_APPICON_NAME = AppIcon;
				ASSETCATALOG_COMPILER_GLOBAL_ACCENT_COLOR_NAME = AccentColor;
				CODE_SIGN_STYLE = Automatic;
				DEVELOPMENT_TEAM = MBAJ2NCPU9;
				INFOPLIST_FILE = Cookid/Info.plist;
				LD_RUNPATH_SEARCH_PATHS = (
					"$(inherited)",
					"@executable_path/Frameworks",
				);
				MARKETING_VERSION = 1.0.1;
				PRODUCT_BUNDLE_IDENTIFIER = com.DeveloperPaul.Cookid;
				PRODUCT_NAME = "$(TARGET_NAME)";
				SWIFT_COMPILATION_MODE = wholemodule;
				SWIFT_VERSION = 5.0;
				TARGETED_DEVICE_FAMILY = 1;
			};
			name = Release;
		};
		03E42EBC26C412A8005D7B5E /* Debug */ = {
			isa = XCBuildConfiguration;
			baseConfigurationReference = 9B2D5500FAB87ECEE29995E1 /* Pods-CookidTests.debug.xcconfig */;
			buildSettings = {
				BUNDLE_LOADER = "$(TEST_HOST)";
				CLANG_ENABLE_MODULES = YES;
				CODE_SIGN_STYLE = Automatic;
				DEVELOPMENT_TEAM = MBAJ2NCPU9;
				INFOPLIST_FILE = CookidTests/Info.plist;
				IPHONEOS_DEPLOYMENT_TARGET = 14.5;
				LD_RUNPATH_SEARCH_PATHS = (
					"$(inherited)",
					"@executable_path/Frameworks",
					"@loader_path/Frameworks",
				);
				PRODUCT_BUNDLE_IDENTIFIER = com.DeveloperPaul.CookidTests;
				PRODUCT_NAME = "$(TARGET_NAME)";
				SWIFT_OPTIMIZATION_LEVEL = "-Onone";
				SWIFT_VERSION = 5.0;
				TARGETED_DEVICE_FAMILY = "1,2";
				TEST_HOST = "$(BUILT_PRODUCTS_DIR)/Cookid.app/Cookid";
			};
			name = Debug;
		};
		03E42EBD26C412A8005D7B5E /* Release */ = {
			isa = XCBuildConfiguration;
			baseConfigurationReference = 73D95818DBDA44D075AAF3DF /* Pods-CookidTests.release.xcconfig */;
			buildSettings = {
				BUNDLE_LOADER = "$(TEST_HOST)";
				CLANG_ENABLE_MODULES = YES;
				CODE_SIGN_STYLE = Automatic;
				DEVELOPMENT_TEAM = MBAJ2NCPU9;
				INFOPLIST_FILE = CookidTests/Info.plist;
				IPHONEOS_DEPLOYMENT_TARGET = 14.5;
				LD_RUNPATH_SEARCH_PATHS = (
					"$(inherited)",
					"@executable_path/Frameworks",
					"@loader_path/Frameworks",
				);
				PRODUCT_BUNDLE_IDENTIFIER = com.DeveloperPaul.CookidTests;
				PRODUCT_NAME = "$(TARGET_NAME)";
				SWIFT_VERSION = 5.0;
				TARGETED_DEVICE_FAMILY = "1,2";
				TEST_HOST = "$(BUILT_PRODUCTS_DIR)/Cookid.app/Cookid";
			};
			name = Release;
		};
/* End XCBuildConfiguration section */

/* Begin XCConfigurationList section */
		03223393269212860092DD6D /* Build configuration list for PBXProject "Cookid" */ = {
			isa = XCConfigurationList;
			buildConfigurations = (
				032233AA269212870092DD6D /* Debug */,
				032233AB269212870092DD6D /* Release */,
			);
			defaultConfigurationIsVisible = 0;
			defaultConfigurationName = Release;
		};
		032233AC269212870092DD6D /* Build configuration list for PBXNativeTarget "Cookid" */ = {
			isa = XCConfigurationList;
			buildConfigurations = (
				032233AD269212870092DD6D /* Debug */,
				032233AE269212870092DD6D /* Release */,
			);
			defaultConfigurationIsVisible = 0;
			defaultConfigurationName = Release;
		};
		03E42EBE26C412A8005D7B5E /* Build configuration list for PBXNativeTarget "CookidTests" */ = {
			isa = XCConfigurationList;
			buildConfigurations = (
				03E42EBC26C412A8005D7B5E /* Debug */,
				03E42EBD26C412A8005D7B5E /* Release */,
			);
			defaultConfigurationIsVisible = 0;
			defaultConfigurationName = Release;
		};
/* End XCConfigurationList section */

/* Begin XCRemoteSwiftPackageReference section */
		03F2ED8026EF537E00CFE87C /* XCRemoteSwiftPackageReference "realm-cocoa" */ = {
			isa = XCRemoteSwiftPackageReference;
			repositoryURL = "https://github.com/realm/realm-cocoa.git";
			requirement = {
				kind = upToNextMajorVersion;
				minimumVersion = 10.15.0;
			};
		};
		C6BFF45A26949A1E006295F5 /* XCRemoteSwiftPackageReference "firebase-ios-sdk" */ = {
			isa = XCRemoteSwiftPackageReference;
			repositoryURL = "https://github.com/firebase/firebase-ios-sdk.git";
			requirement = {
				kind = upToNextMajorVersion;
				minimumVersion = 8.2.0;
			};
		};
/* End XCRemoteSwiftPackageReference section */

/* Begin XCSwiftPackageProductDependency section */
		0380E3F12705A957007F8AA5 /* FirebaseFirestore */ = {
			isa = XCSwiftPackageProductDependency;
			package = C6BFF45A26949A1E006295F5 /* XCRemoteSwiftPackageReference "firebase-ios-sdk" */;
			productName = FirebaseFirestore;
		};
		0380E3F32705A957007F8AA5 /* FirebaseFirestoreSwift-Beta */ = {
			isa = XCSwiftPackageProductDependency;
			package = C6BFF45A26949A1E006295F5 /* XCRemoteSwiftPackageReference "firebase-ios-sdk" */;
			productName = "FirebaseFirestoreSwift-Beta";
		};
		03F2ED8126EF537E00CFE87C /* Realm */ = {
			isa = XCSwiftPackageProductDependency;
			package = 03F2ED8026EF537E00CFE87C /* XCRemoteSwiftPackageReference "realm-cocoa" */;
			productName = Realm;
		};
		03F2ED8326EF537E00CFE87C /* RealmSwift */ = {
			isa = XCSwiftPackageProductDependency;
			package = 03F2ED8026EF537E00CFE87C /* XCRemoteSwiftPackageReference "realm-cocoa" */;
			productName = RealmSwift;
		};
		C6BFF45D26949A1E006295F5 /* FirebaseStorage */ = {
			isa = XCSwiftPackageProductDependency;
			package = C6BFF45A26949A1E006295F5 /* XCRemoteSwiftPackageReference "firebase-ios-sdk" */;
			productName = FirebaseStorage;
		};
/* End XCSwiftPackageProductDependency section */
	};
	rootObject = 03223390269212860092DD6D /* Project object */;
}
