PODS:
  - Alamofire (5.4.4)
  - Differentiator (4.0.1)
  - FSCalendar (2.8.2)
  - KakaoSDKAuth (2.8.1):
    - KakaoSDKCommon (= 2.8.1)
  - KakaoSDKCommon (2.8.1):
    - KakaoSDKCommon/Common (= 2.8.1)
    - KakaoSDKCommon/Network (= 2.8.1)
  - KakaoSDKCommon/Common (2.8.1)
  - KakaoSDKCommon/Network (2.8.1):
    - Alamofire (~> 5.1)
    - KakaoSDKCommon/Common (= 2.8.1)
  - KakaoSDKUser (2.8.1):
    - KakaoSDKAuth (= 2.8.1)
  - Kingfisher (6.3.1)
  - lottie-ios (3.2.3)
  - naveridlogin-sdk-ios (4.1.3)
  - "NSObject+Rx (5.1.0)":
    - RxSwift (~> 5.1)
  - PagingKit (1.18.0)
  - PanModal (1.2.7)
  - PryntTrimmerView (4.0.2)
  - ReactorKit (2.1.1):
    - RxSwift (~> 5.0)
    - WeakMapTable (~> 1.1)
  - RxAlamofire (5.7.1):
    - RxAlamofire/Core (= 5.7.1)
  - RxAlamofire/Core (5.7.1):
    - Alamofire (~> 5.4)
    - RxSwift (~> 5.1)
  - RxCocoa (5.1.3):
    - RxRelay (~> 5)
    - RxSwift (~> 5)
  - RxDataSources (4.0.1):
    - Differentiator (~> 4.0)
    - RxCocoa (~> 5.0)
    - RxSwift (~> 5.0)
  - RxKakaoSDKAuth (2.8.1):
    - KakaoSDKAuth (= 2.8.1)
    - RxKakaoSDKCommon (= 2.8.1)
  - RxKakaoSDKCommon (2.8.1):
    - RxKakaoSDKCommon/Common (= 2.8.1)
    - RxKakaoSDKCommon/Network (= 2.8.1)
  - RxKakaoSDKCommon/Common (2.8.1):
    - KakaoSDKCommon/Common (= 2.8.1)
    - RxCocoa
    - RxSwift
  - RxKakaoSDKCommon/Network (2.8.1):
    - KakaoSDKCommon/Network (= 2.8.1)
    - RxAlamofire (~> 5.2)
    - RxKakaoSDKCommon/Common (= 2.8.1)
  - RxKakaoSDKUser (2.8.1):
    - KakaoSDKUser (= 2.8.1)
    - RxKakaoSDKAuth (= 2.8.1)
  - RxKeyboard (1.0.0):
    - RxCocoa (~> 5.0)
    - RxSwift (~> 5.0)
  - RxRelay (5.1.3):
    - RxSwift (~> 5)
  - RxSwift (5.1.3)
  - SnapKit (5.0.1)
  - SteviaLayout (4.7.3)
  - SwiftLint (0.44.0)
  - Then (2.7.0)
  - WeakMapTable (1.2.0)
  - YPImagePicker (5.0.0):
    - PryntTrimmerView (= 4.0.2)
    - SteviaLayout (= 4.7.3)

DEPENDENCIES:
  - FSCalendar
  - Kingfisher (~> 6.0)
  - lottie-ios
  - naveridlogin-sdk-ios
  - "NSObject+Rx"
  - PagingKit
  - PanModal
  - ReactorKit
  - RxCocoa
  - RxDataSources
  - RxKakaoSDKAuth
  - RxKakaoSDKCommon
  - RxKakaoSDKUser
  - RxKeyboard
  - RxSwift
  - SnapKit
  - SwiftLint
  - Then
  - YPImagePicker

SPEC REPOS:
  trunk:
    - Alamofire
    - Differentiator
    - FSCalendar
    - KakaoSDKAuth
    - KakaoSDKCommon
    - KakaoSDKUser
    - Kingfisher
    - lottie-ios
    - naveridlogin-sdk-ios
    - "NSObject+Rx"
    - PagingKit
    - PanModal
    - PryntTrimmerView
    - ReactorKit
    - RxAlamofire
    - RxCocoa
    - RxDataSources
    - RxKakaoSDKAuth
    - RxKakaoSDKCommon
    - RxKakaoSDKUser
    - RxKeyboard
    - RxRelay
    - RxSwift
    - SnapKit
    - SteviaLayout
    - SwiftLint
    - Then
    - WeakMapTable
    - YPImagePicker

SPEC CHECKSUMS:
  Alamofire: f3b09a368f1582ab751b3fff5460276e0d2cf5c9
  Differentiator: 886080237d9f87f322641dedbc5be257061b0602
  FSCalendar: e6a2eb9c571bf0719ed797ef807e08426753c241
  KakaoSDKAuth: 3cf74660531ac85cd2c7931df8d90d562b0a8fe2
  KakaoSDKCommon: 701ef2a9b92215a4bf131b2a6139c3586b5e8d99
  KakaoSDKUser: c4bdbca17b05ce7a25c67176ac68b6b0c8b1db56
  Kingfisher: 016c8b653a35add51dd34a3aba36b580041acc74
  lottie-ios: c058aeafa76daa4cf64d773554bccc8385d0150e
  naveridlogin-sdk-ios: b9d7c20677981177ed994ecb1c8c2b49f223277d
  "NSObject+Rx": fa6bbcc1ab1faa06b01466bc09b1e0692bbc5946
  PagingKit: 366cc22d74f4de7768bb31d8fcd49182f53e3ce7
  PanModal: 3e16ead1a907fb06f4df3f13492fd00149fa4974
  PryntTrimmerView: 6a43cc90df5d99addeabd33d4ba09b1365322130
  ReactorKit: 6d894a20c3d508344320901cd8e386fde92df4b6
  RxAlamofire: 8e144c62dcc01d68dcb366bfc542eb6dd46bab78
  RxCocoa: e2ed092d5432e4296aa818021d27de4090ac0354
  RxDataSources: efee07fa4de48477eca0a4611e6d11e2da9c1114
  RxKakaoSDKAuth: dad91020fa60619b432cde5752055a12acb6ce68
  RxKakaoSDKCommon: 872604c9ab07c1bc6cc517b6732e0774052f2f5d
  RxKakaoSDKUser: c2a1de28cdad13578f63714b40ee47fd8985f839
  RxKeyboard: 6683c4344304a00f943c158bd8a43ce5469c82a7
  RxRelay: 5a18c2eb2d68326ebaf0112f80d837ae41b92b97
  RxSwift: 915abbdfb62214aa89ccd0b194d44fb478019b27
  SnapKit: 97b92857e3df3a0c71833cce143274bf6ef8e5eb
  SteviaLayout: c2ecdcff57d44e38fd2f65e54ad52aeae28ca0c4
  SwiftLint: e96c0a8c770c7ebbc4d36c55baf9096bb65c4584
  Then: acfe0be7e98221c6204e12f8161459606d5d822d
  WeakMapTable: 05c694ce8439a7a9ebabb56187287a63c57673d6
  YPImagePicker: 1463a19a36244e209dcb03c30e63559c5afa9602

PODFILE CHECKSUM: 60cbe7fa959986af50258c4c0480a8a377c0b584

COCOAPODS: 1.10.1
