PODS:
  - Alamofire (5.5.0)
  - Differentiator (5.0.0)
  - FSCalendar (2.8.2)
  - KakaoSDKAuth (2.8.4):
    - KakaoSDKCommon (= 2.8.4)
  - KakaoSDKCommon (2.8.4):
    - KakaoSDKCommon/Common (= 2.8.4)
    - KakaoSDKCommon/Network (= 2.8.4)
  - KakaoSDKCommon/Common (2.8.4)
  - KakaoSDKCommon/Network (2.8.4):
    - Alamofire (~> 5.1)
    - KakaoSDKCommon/Common (= 2.8.4)
  - KakaoSDKUser (2.8.4):
    - KakaoSDKAuth (= 2.8.4)
  - lottie-ios (3.3.0)
  - naveridlogin-sdk-ios (4.1.3)
  - "NSObject+Rx (5.2.2)":
    - RxSwift (~> 6.2)
  - PagingKit (1.18.0)
  - PanModal (1.2.7)
  - PryntTrimmerView (4.0.2)
  - ReactorKit (3.2.0):
    - RxSwift (~> 6.0)
    - WeakMapTable (~> 1.1)
  - ReusableKit (3.0.0):
    - ReusableKit/Core (= 3.0.0)
  - ReusableKit/Core (3.0.0)
  - RxCocoa (6.5.0):
    - RxRelay (= 6.5.0)
    - RxSwift (= 6.5.0)
  - RxDataSources (5.0.0):
    - Differentiator (~> 5.0)
    - RxCocoa (~> 6.0)
    - RxSwift (~> 6.0)
  - RxKeyboard (2.0.0):
    - RxCocoa (~> 6.0)
    - RxSwift (~> 6.0)
  - RxRelay (6.5.0):
    - RxSwift (= 6.5.0)
  - RxSwift (6.5.0)
  - SnapKit (5.0.1)
  - SteviaLayout (4.7.3)
  - SwiftLint (0.45.1)
  - Swinject (2.8.1)
  - Then (2.7.0)
  - WeakMapTable (1.2.0)
  - YPImagePicker (5.2.1):
    - PryntTrimmerView (= 4.0.2)
    - SteviaLayout (= 4.7.3)

DEPENDENCIES:
  - FSCalendar
  - KakaoSDKAuth
  - KakaoSDKCommon
  - KakaoSDKUser
  - lottie-ios
  - naveridlogin-sdk-ios
  - "NSObject+Rx"
  - PagingKit
  - PanModal
  - ReactorKit
  - ReusableKit
  - RxCocoa
  - RxDataSources
  - RxKeyboard
  - RxSwift
  - SnapKit
  - SwiftLint
  - Swinject
  - Then
  - YPImagePicker

SPEC REPOS:
  trunk:
    - Alamofire
    - Differentiator
    - FSCalendar
    - KakaoSDKAuth
    - KakaoSDKCommon
    - KakaoSDKUser
    - lottie-ios
    - naveridlogin-sdk-ios
    - "NSObject+Rx"
    - PagingKit
    - PanModal
    - PryntTrimmerView
    - ReactorKit
    - ReusableKit
    - RxCocoa
    - RxDataSources
    - RxKeyboard
    - RxRelay
    - RxSwift
    - SnapKit
    - SteviaLayout
    - SwiftLint
    - Swinject
    - Then
    - WeakMapTable
    - YPImagePicker

SPEC CHECKSUMS:
  Alamofire: 1c4fb5369c3fe93d2857c780d8bbe09f06f97e7c
  Differentiator: e8497ceab83c1b10ca233716d547b9af21b9344d
  FSCalendar: e6a2eb9c571bf0719ed797ef807e08426753c241
  KakaoSDKAuth: b9b693995f98b1821ccd22b39d383e1dede5ca45
  KakaoSDKCommon: 33c9902ee9ce13e9d1cac3549896406229836ff5
  KakaoSDKUser: d878977e0ba6b365cfeac3b6319cdf4231713bea
  lottie-ios: 6ac74dcc09904798f59b18cb3075c089d76be9ae
  naveridlogin-sdk-ios: b9d7c20677981177ed994ecb1c8c2b49f223277d
  "NSObject+Rx": 61cf1f7306a73dcef8b36649198af0813ec18dfd
  PagingKit: 366cc22d74f4de7768bb31d8fcd49182f53e3ce7
  PanModal: 3e16ead1a907fb06f4df3f13492fd00149fa4974
  PryntTrimmerView: 6a43cc90df5d99addeabd33d4ba09b1365322130
  ReactorKit: e8b11d6b9c415405f381669b095c154a05b59eca
  ReusableKit: e5f853ad4652e411f96b6119b2488afa12929be6
  RxCocoa: 94f817b71c07517321eb4f9ad299112ca8af743b
  RxDataSources: aa47cc1ed6c500fa0dfecac5c979b723542d79cf
  RxKeyboard: 4f5863f43b4ff0cbb2a20b94688d6b80c8a43c14
  RxRelay: 1de1523e604c72b6c68feadedd1af3b1b4d0ecbd
  RxSwift: 5710a9e6b17f3c3d6e40d6e559b9fa1e813b2ef8
  SnapKit: 97b92857e3df3a0c71833cce143274bf6ef8e5eb
  SteviaLayout: c2ecdcff57d44e38fd2f65e54ad52aeae28ca0c4
  SwiftLint: 06ac37e4d38c7068e0935bb30cda95f093bec761
  Swinject: 97112918bd7e0785dc2df7036213f3c8cbba6586
  Then: acfe0be7e98221c6204e12f8161459606d5d822d
  WeakMapTable: 05c694ce8439a7a9ebabb56187287a63c57673d6
  YPImagePicker: f36043210c10b0783034eb1947d6e06e31c461e4

PODFILE CHECKSUM: fd226a07e63391ec42280c6049cd5d2898fb0608

COCOAPODS: 1.11.2
